
Microsoft Visual Studio Solution File, Format Version 12.00
# Visual Studio Version 17
VisualStudioVersion = 17.2.32526.322
MinimumVisualStudioVersion = 10.0.40219.1
Project("{8BC9CEB8-8B4A-11D0-8D11-00A0C91BC942}") = "export", "export\export.vcxproj", "{23CE977C-742F-40AF-9EC9-DDD037C5770F}"
EndProject
Project("{8BC9CEB8-8B4A-11D0-8D11-00A0C91BC942}") = "util", "..\..\..\util\util.vcxproj", "{9DBB759C-7E26-4339-A413-7DD1454EE5AE}"
EndProject
Project("{8BC9CEB8-8B4A-11D0-8D11-00A0C91BC942}") = "empty_class", "empty_class\empty_class.vcxproj", "{3934A9E4-64BF-4903-A0C1-ECBDC3F45B83}"
EndProject
Project("{8BC9CEB8-8B4A-11D0-8D11-00A0C91BC942}") = "class", "class\class.vcxproj", "{1D6E5124-BE2E-4608-B167-97723B8DD940}"
EndProject
Project("{8BC9CEB8-8B4A-11D0-8D11-00A0C91BC942}") = "dom", "..\dom\dom.vcxproj", "{C7D66FCE-6E85-4F03-9C35-200F53F37800}"
EndProject
Project("{8BC9CEB8-8B4A-11D0-8D11-00A0C91BC942}") = "lexer", "..\..\lexer\lexer.vcxproj", "{19E63F3E-0845-442B-B894-AED66B30662D}"
EndProject
Project("{8BC9CEB8-8B4A-11D0-8D11-00A0C91BC942}") = "ast", "..\..\ast\ast.vcxproj", "{376CC61C-9B71-491D-A62C-B08926B38DDB}"
EndProject
Project("{8BC9CEB8-8B4A-11D0-8D11-00A0C91BC942}") = "serialization", "..\serialization\serialization.vcxproj", "{DAB621CA-E2A5-49B5-8BAF-C1428B258498}"
EndProject
Project("{8BC9CEB8-8B4A-11D0-8D11-00A0C91BC942}") = "parser", "..\..\parser\parser.vcxproj", "{E4328F76-BCE3-454B-BE03-63B78A11170A}"
EndProject
Project("{8BC9CEB8-8B4A-11D0-8D11-00A0C91BC942}") = "xpath", "..\xpath\xpath.vcxproj", "{ADA5D2E5-5404-4C0B-A9CA-2ACC7AA07CA4}"
EndProject
Project("{8BC9CEB8-8B4A-11D0-8D11-00A0C91BC942}") = "common", "..\..\common\common.vcxproj", "{00815563-D4CD-40C0-83E9-DC21C0024E70}"
EndProject
Project("{8BC9CEB8-8B4A-11D0-8D11-00A0C91BC942}") = "token", "..\..\token\token.vcxproj", "{9A60ACDF-1B45-4184-9D82-86FE5ED2D708}"
EndProject
Project("{8BC9CEB8-8B4A-11D0-8D11-00A0C91BC942}") = "lex", "..\..\lex\lex.vcxproj", "{69F93E57-1621-43B9-8B9B-C33C1C079DA9}"
EndProject
Project("{8BC9CEB8-8B4A-11D0-8D11-00A0C91BC942}") = "dom_parser", "..\dom_parser\dom_parser.vcxproj", "{3908ECF0-3A6B-4A1A-9A0E-5F872C88260F}"
EndProject
Project("{8BC9CEB8-8B4A-11D0-8D11-00A0C91BC942}") = "processor", "..\processor\processor.vcxproj", "{DDB0E247-00F9-47E3-9A10-3E357DE0BB9F}"
EndProject
Project("{8BC9CEB8-8B4A-11D0-8D11-00A0C91BC942}") = "xml_parser", "..\xml_parser\xml_parser.vcxproj", "{A2ABD336-9F9B-4BDF-9A5B-D275C5C06408}"
EndProject
Project("{8BC9CEB8-8B4A-11D0-8D11-00A0C91BC942}") = "example", "example\example.vcxproj", "{6C966D57-F170-4D04-8EF5-68E9E7E2CCDC}"
EndProject
Global
	GlobalSection(SolutionConfigurationPlatforms) = preSolution
		Debug|x64 = Debug|x64
		Debug|x86 = Debug|x86
		Release|x64 = Release|x64
		Release|x86 = Release|x86
	EndGlobalSection
	GlobalSection(ProjectConfigurationPlatforms) = postSolution
		{23CE977C-742F-40AF-9EC9-DDD037C5770F}.Debug|x64.ActiveCfg = Debug|x64
		{23CE977C-742F-40AF-9EC9-DDD037C5770F}.Debug|x64.Build.0 = Debug|x64
		{23CE977C-742F-40AF-9EC9-DDD037C5770F}.Debug|x86.ActiveCfg = Debug|Win32
		{23CE977C-742F-40AF-9EC9-DDD037C5770F}.Debug|x86.Build.0 = Debug|Win32
		{23CE977C-742F-40AF-9EC9-DDD037C5770F}.Release|x64.ActiveCfg = Release|x64
		{23CE977C-742F-40AF-9EC9-DDD037C5770F}.Release|x64.Build.0 = Release|x64
		{23CE977C-742F-40AF-9EC9-DDD037C5770F}.Release|x86.ActiveCfg = Release|Win32
		{23CE977C-742F-40AF-9EC9-DDD037C5770F}.Release|x86.Build.0 = Release|Win32
		{9DBB759C-7E26-4339-A413-7DD1454EE5AE}.Debug|x64.ActiveCfg = Debug|x64
		{9DBB759C-7E26-4339-A413-7DD1454EE5AE}.Debug|x64.Build.0 = Debug|x64
		{9DBB759C-7E26-4339-A413-7DD1454EE5AE}.Debug|x86.ActiveCfg = Debug|Win32
		{9DBB759C-7E26-4339-A413-7DD1454EE5AE}.Debug|x86.Build.0 = Debug|Win32
		{9DBB759C-7E26-4339-A413-7DD1454EE5AE}.Release|x64.ActiveCfg = Release|x64
		{9DBB759C-7E26-4339-A413-7DD1454EE5AE}.Release|x64.Build.0 = Release|x64
		{9DBB759C-7E26-4339-A413-7DD1454EE5AE}.Release|x86.ActiveCfg = Release|Win32
		{9DBB759C-7E26-4339-A413-7DD1454EE5AE}.Release|x86.Build.0 = Release|Win32
		{3934A9E4-64BF-4903-A0C1-ECBDC3F45B83}.Debug|x64.ActiveCfg = Debug|x64
		{3934A9E4-64BF-4903-A0C1-ECBDC3F45B83}.Debug|x64.Build.0 = Debug|x64
		{3934A9E4-64BF-4903-A0C1-ECBDC3F45B83}.Debug|x86.ActiveCfg = Debug|Win32
		{3934A9E4-64BF-4903-A0C1-ECBDC3F45B83}.Debug|x86.Build.0 = Debug|Win32
		{3934A9E4-64BF-4903-A0C1-ECBDC3F45B83}.Release|x64.ActiveCfg = Release|x64
		{3934A9E4-64BF-4903-A0C1-ECBDC3F45B83}.Release|x64.Build.0 = Release|x64
		{3934A9E4-64BF-4903-A0C1-ECBDC3F45B83}.Release|x86.ActiveCfg = Release|Win32
		{3934A9E4-64BF-4903-A0C1-ECBDC3F45B83}.Release|x86.Build.0 = Release|Win32
		{1D6E5124-BE2E-4608-B167-97723B8DD940}.Debug|x64.ActiveCfg = Debug|x64
		{1D6E5124-BE2E-4608-B167-97723B8DD940}.Debug|x64.Build.0 = Debug|x64
		{1D6E5124-BE2E-4608-B167-97723B8DD940}.Debug|x86.ActiveCfg = Debug|Win32
		{1D6E5124-BE2E-4608-B167-97723B8DD940}.Debug|x86.Build.0 = Debug|Win32
		{1D6E5124-BE2E-4608-B167-97723B8DD940}.Release|x64.ActiveCfg = Release|x64
		{1D6E5124-BE2E-4608-B167-97723B8DD940}.Release|x64.Build.0 = Release|x64
		{1D6E5124-BE2E-4608-B167-97723B8DD940}.Release|x86.ActiveCfg = Release|Win32
		{1D6E5124-BE2E-4608-B167-97723B8DD940}.Release|x86.Build.0 = Release|Win32
		{C7D66FCE-6E85-4F03-9C35-200F53F37800}.Debug|x64.ActiveCfg = Debug|x64
		{C7D66FCE-6E85-4F03-9C35-200F53F37800}.Debug|x64.Build.0 = Debug|x64
		{C7D66FCE-6E85-4F03-9C35-200F53F37800}.Debug|x86.ActiveCfg = Debug|Win32
		{C7D66FCE-6E85-4F03-9C35-200F53F37800}.Debug|x86.Build.0 = Debug|Win32
		{C7D66FCE-6E85-4F03-9C35-200F53F37800}.Release|x64.ActiveCfg = Release|x64
		{C7D66FCE-6E85-4F03-9C35-200F53F37800}.Release|x64.Build.0 = Release|x64
		{C7D66FCE-6E85-4F03-9C35-200F53F37800}.Release|x86.ActiveCfg = Release|Win32
		{C7D66FCE-6E85-4F03-9C35-200F53F37800}.Release|x86.Build.0 = Release|Win32
		{19E63F3E-0845-442B-B894-AED66B30662D}.Debug|x64.ActiveCfg = Debug|x64
		{19E63F3E-0845-442B-B894-AED66B30662D}.Debug|x64.Build.0 = Debug|x64
		{19E63F3E-0845-442B-B894-AED66B30662D}.Debug|x86.ActiveCfg = Debug|Win32
		{19E63F3E-0845-442B-B894-AED66B30662D}.Debug|x86.Build.0 = Debug|Win32
		{19E63F3E-0845-442B-B894-AED66B30662D}.Release|x64.ActiveCfg = Release|x64
		{19E63F3E-0845-442B-B894-AED66B30662D}.Release|x64.Build.0 = Release|x64
		{19E63F3E-0845-442B-B894-AED66B30662D}.Release|x86.ActiveCfg = Release|Win32
		{19E63F3E-0845-442B-B894-AED66B30662D}.Release|x86.Build.0 = Release|Win32
		{376CC61C-9B71-491D-A62C-B08926B38DDB}.Debug|x64.ActiveCfg = Debug|x64
		{376CC61C-9B71-491D-A62C-B08926B38DDB}.Debug|x64.Build.0 = Debug|x64
		{376CC61C-9B71-491D-A62C-B08926B38DDB}.Debug|x86.ActiveCfg = Debug|Win32
		{376CC61C-9B71-491D-A62C-B08926B38DDB}.Debug|x86.Build.0 = Debug|Win32
		{376CC61C-9B71-491D-A62C-B08926B38DDB}.Release|x64.ActiveCfg = Release|x64
		{376CC61C-9B71-491D-A62C-B08926B38DDB}.Release|x64.Build.0 = Release|x64
		{376CC61C-9B71-491D-A62C-B08926B38DDB}.Release|x86.ActiveCfg = Release|Win32
		{376CC61C-9B71-491D-A62C-B08926B38DDB}.Release|x86.Build.0 = Release|Win32
		{DAB621CA-E2A5-49B5-8BAF-C1428B258498}.Debug|x64.ActiveCfg = Debug|x64
		{DAB621CA-E2A5-49B5-8BAF-C1428B258498}.Debug|x64.Build.0 = Debug|x64
		{DAB621CA-E2A5-49B5-8BAF-C1428B258498}.Debug|x86.ActiveCfg = Debug|Win32
		{DAB621CA-E2A5-49B5-8BAF-C1428B258498}.Debug|x86.Build.0 = Debug|Win32
		{DAB621CA-E2A5-49B5-8BAF-C1428B258498}.Release|x64.ActiveCfg = Release|x64
		{DAB621CA-E2A5-49B5-8BAF-C1428B258498}.Release|x64.Build.0 = Release|x64
		{DAB621CA-E2A5-49B5-8BAF-C1428B258498}.Release|x86.ActiveCfg = Release|Win32
		{DAB621CA-E2A5-49B5-8BAF-C1428B258498}.Release|x86.Build.0 = Release|Win32
		{E4328F76-BCE3-454B-BE03-63B78A11170A}.Debug|x64.ActiveCfg = Debug|x64
		{E4328F76-BCE3-454B-BE03-63B78A11170A}.Debug|x64.Build.0 = Debug|x64
		{E4328F76-BCE3-454B-BE03-63B78A11170A}.Debug|x86.ActiveCfg = Debug|Win32
		{E4328F76-BCE3-454B-BE03-63B78A11170A}.Debug|x86.Build.0 = Debug|Win32
		{E4328F76-BCE3-454B-BE03-63B78A11170A}.Release|x64.ActiveCfg = Release|x64
		{E4328F76-BCE3-454B-BE03-63B78A11170A}.Release|x64.Build.0 = Release|x64
		{E4328F76-BCE3-454B-BE03-63B78A11170A}.Release|x86.ActiveCfg = Release|Win32
		{E4328F76-BCE3-454B-BE03-63B78A11170A}.Release|x86.Build.0 = Release|Win32
		{ADA5D2E5-5404-4C0B-A9CA-2ACC7AA07CA4}.Debug|x64.ActiveCfg = Debug|x64
		{ADA5D2E5-5404-4C0B-A9CA-2ACC7AA07CA4}.Debug|x64.Build.0 = Debug|x64
		{ADA5D2E5-5404-4C0B-A9CA-2ACC7AA07CA4}.Debug|x86.ActiveCfg = Debug|Win32
		{ADA5D2E5-5404-4C0B-A9CA-2ACC7AA07CA4}.Debug|x86.Build.0 = Debug|Win32
		{ADA5D2E5-5404-4C0B-A9CA-2ACC7AA07CA4}.Release|x64.ActiveCfg = Release|x64
		{ADA5D2E5-5404-4C0B-A9CA-2ACC7AA07CA4}.Release|x64.Build.0 = Release|x64
		{ADA5D2E5-5404-4C0B-A9CA-2ACC7AA07CA4}.Release|x86.ActiveCfg = Release|Win32
		{ADA5D2E5-5404-4C0B-A9CA-2ACC7AA07CA4}.Release|x86.Build.0 = Release|Win32
		{00815563-D4CD-40C0-83E9-DC21C0024E70}.Debug|x64.ActiveCfg = Debug|x64
		{00815563-D4CD-40C0-83E9-DC21C0024E70}.Debug|x64.Build.0 = Debug|x64
		{00815563-D4CD-40C0-83E9-DC21C0024E70}.Debug|x86.ActiveCfg = Debug|Win32
		{00815563-D4CD-40C0-83E9-DC21C0024E70}.Debug|x86.Build.0 = Debug|Win32
		{00815563-D4CD-40C0-83E9-DC21C0024E70}.Release|x64.ActiveCfg = Release|x64
		{00815563-D4CD-40C0-83E9-DC21C0024E70}.Release|x64.Build.0 = Release|x64
		{00815563-D4CD-40C0-83E9-DC21C0024E70}.Release|x86.ActiveCfg = Release|Win32
		{00815563-D4CD-40C0-83E9-DC21C0024E70}.Release|x86.Build.0 = Release|Win32
		{9A60ACDF-1B45-4184-9D82-86FE5ED2D708}.Debug|x64.ActiveCfg = Debug|x64
		{9A60ACDF-1B45-4184-9D82-86FE5ED2D708}.Debug|x64.Build.0 = Debug|x64
		{9A60ACDF-1B45-4184-9D82-86FE5ED2D708}.Debug|x86.ActiveCfg = Debug|Win32
		{9A60ACDF-1B45-4184-9D82-86FE5ED2D708}.Debug|x86.Build.0 = Debug|Win32
		{9A60ACDF-1B45-4184-9D82-86FE5ED2D708}.Release|x64.ActiveCfg = Release|x64
		{9A60ACDF-1B45-4184-9D82-86FE5ED2D708}.Release|x64.Build.0 = Release|x64
		{9A60ACDF-1B45-4184-9D82-86FE5ED2D708}.Release|x86.ActiveCfg = Release|Win32
		{9A60ACDF-1B45-4184-9D82-86FE5ED2D708}.Release|x86.Build.0 = Release|Win32
		{69F93E57-1621-43B9-8B9B-C33C1C079DA9}.Debug|x64.ActiveCfg = Debug|x64
		{69F93E57-1621-43B9-8B9B-C33C1C079DA9}.Debug|x64.Build.0 = Debug|x64
		{69F93E57-1621-43B9-8B9B-C33C1C079DA9}.Debug|x86.ActiveCfg = Debug|Win32
		{69F93E57-1621-43B9-8B9B-C33C1C079DA9}.Debug|x86.Build.0 = Debug|Win32
		{69F93E57-1621-43B9-8B9B-C33C1C079DA9}.Release|x64.ActiveCfg = Release|x64
		{69F93E57-1621-43B9-8B9B-C33C1C079DA9}.Release|x64.Build.0 = Release|x64
		{69F93E57-1621-43B9-8B9B-C33C1C079DA9}.Release|x86.ActiveCfg = Release|Win32
		{69F93E57-1621-43B9-8B9B-C33C1C079DA9}.Release|x86.Build.0 = Release|Win32
		{3908ECF0-3A6B-4A1A-9A0E-5F872C88260F}.Debug|x64.ActiveCfg = Debug|x64
		{3908ECF0-3A6B-4A1A-9A0E-5F872C88260F}.Debug|x64.Build.0 = Debug|x64
		{3908ECF0-3A6B-4A1A-9A0E-5F872C88260F}.Debug|x86.ActiveCfg = Debug|Win32
		{3908ECF0-3A6B-4A1A-9A0E-5F872C88260F}.Debug|x86.Build.0 = Debug|Win32
		{3908ECF0-3A6B-4A1A-9A0E-5F872C88260F}.Release|x64.ActiveCfg = Release|x64
		{3908ECF0-3A6B-4A1A-9A0E-5F872C88260F}.Release|x64.Build.0 = Release|x64
		{3908ECF0-3A6B-4A1A-9A0E-5F872C88260F}.Release|x86.ActiveCfg = Release|Win32
		{3908ECF0-3A6B-4A1A-9A0E-5F872C88260F}.Release|x86.Build.0 = Release|Win32
		{DDB0E247-00F9-47E3-9A10-3E357DE0BB9F}.Debug|x64.ActiveCfg = Debug|x64
		{DDB0E247-00F9-47E3-9A10-3E357DE0BB9F}.Debug|x64.Build.0 = Debug|x64
		{DDB0E247-00F9-47E3-9A10-3E357DE0BB9F}.Debug|x86.ActiveCfg = Debug|Win32
		{DDB0E247-00F9-47E3-9A10-3E357DE0BB9F}.Debug|x86.Build.0 = Debug|Win32
		{DDB0E247-00F9-47E3-9A10-3E357DE0BB9F}.Release|x64.ActiveCfg = Release|x64
		{DDB0E247-00F9-47E3-9A10-3E357DE0BB9F}.Release|x64.Build.0 = Release|x64
		{DDB0E247-00F9-47E3-9A10-3E357DE0BB9F}.Release|x86.ActiveCfg = Release|Win32
		{DDB0E247-00F9-47E3-9A10-3E357DE0BB9F}.Release|x86.Build.0 = Release|Win32
		{A2ABD336-9F9B-4BDF-9A5B-D275C5C06408}.Debug|x64.ActiveCfg = Debug|x64
		{A2ABD336-9F9B-4BDF-9A5B-D275C5C06408}.Debug|x64.Build.0 = Debug|x64
		{A2ABD336-9F9B-4BDF-9A5B-D275C5C06408}.Debug|x86.ActiveCfg = Debug|Win32
		{A2ABD336-9F9B-4BDF-9A5B-D275C5C06408}.Debug|x86.Build.0 = Debug|Win32
		{A2ABD336-9F9B-4BDF-9A5B-D275C5C06408}.Release|x64.ActiveCfg = Release|x64
		{A2ABD336-9F9B-4BDF-9A5B-D275C5C06408}.Release|x64.Build.0 = Release|x64
		{A2ABD336-9F9B-4BDF-9A5B-D275C5C06408}.Release|x86.ActiveCfg = Release|Win32
		{A2ABD336-9F9B-4BDF-9A5B-D275C5C06408}.Release|x86.Build.0 = Release|Win32
		{6C966D57-F170-4D04-8EF5-68E9E7E2CCDC}.Debug|x64.ActiveCfg = Debug|x64
		{6C966D57-F170-4D04-8EF5-68E9E7E2CCDC}.Debug|x64.Build.0 = Debug|x64
		{6C966D57-F170-4D04-8EF5-68E9E7E2CCDC}.Debug|x86.ActiveCfg = Debug|Win32
		{6C966D57-F170-4D04-8EF5-68E9E7E2CCDC}.Debug|x86.Build.0 = Debug|Win32
		{6C966D57-F170-4D04-8EF5-68E9E7E2CCDC}.Release|x64.ActiveCfg = Release|x64
		{6C966D57-F170-4D04-8EF5-68E9E7E2CCDC}.Release|x64.Build.0 = Release|x64
		{6C966D57-F170-4D04-8EF5-68E9E7E2CCDC}.Release|x86.ActiveCfg = Release|Win32
		{6C966D57-F170-4D04-8EF5-68E9E7E2CCDC}.Release|x86.Build.0 = Release|Win32
	EndGlobalSection
	GlobalSection(SolutionProperties) = preSolution
		HideSolutionNode = FALSE
	EndGlobalSection
	GlobalSection(ExtensibilityGlobals) = postSolution
		SolutionGuid = {42F52B0D-2EB3-4AE6-8FA4-22F1DF26930D}
	EndGlobalSection
EndGlobal
