
Microsoft Visual Studio Solution File, Format Version 12.00
# Visual Studio Version 17
VisualStudioVersion = 17.1.32421.90
MinimumVisualStudioVersion = 10.0.40219.1
Project("{2150E333-8FDC-42A3-9474-1A3956D46DE8}") = "soul", "soul", "{63CCE440-EC2C-4675-86EA-3CA0BE95863F}"
EndProject
Project("{2150E333-8FDC-42A3-9474-1A3956D46DE8}") = "keyword", "keyword", "{8E6DF0E6-52B7-4202-8FDF-D9D9EA6E037B}"
	ProjectSection(SolutionItems) = preProject
		soul\keyword\soul.cpp.keyword = soul\keyword\soul.cpp.keyword
		soul\keyword\soul.slg.keyword = soul\keyword\soul.slg.keyword
		soul\keyword\soul.spg.keyword = soul\keyword\soul.spg.keyword
	EndProjectSection
EndProject
Project("{2150E333-8FDC-42A3-9474-1A3956D46DE8}") = "expression", "expression", "{1F92A50A-A894-43A2-86F3-E74C2FCFED03}"
	ProjectSection(SolutionItems) = preProject
		soul\expression\re.expr = soul\expression\re.expr
		soul\expression\soul.tool.expr = soul\expression\soul.tool.expr
	EndProjectSection
EndProject
Project("{8BC9CEB8-8B4A-11D0-8D11-00A0C91BC942}") = "token", "soul\token\token.vcxproj", "{9A60ACDF-1B45-4184-9D82-86FE5ED2D708}"
	ProjectSection(ProjectDependencies) = postProject
		{19E63F3E-0845-442B-B894-AED66B30662D} = {19E63F3E-0845-442B-B894-AED66B30662D}
		{9DBB759C-7E26-4339-A413-7DD1454EE5AE} = {9DBB759C-7E26-4339-A413-7DD1454EE5AE}
		{E4328F76-BCE3-454B-BE03-63B78A11170A} = {E4328F76-BCE3-454B-BE03-63B78A11170A}
	EndProjectSection
EndProject
Project("{8BC9CEB8-8B4A-11D0-8D11-00A0C91BC942}") = "lexer", "soul\lexer\lexer.vcxproj", "{19E63F3E-0845-442B-B894-AED66B30662D}"
	ProjectSection(ProjectDependencies) = postProject
		{376CC61C-9B71-491D-A62C-B08926B38DDB} = {376CC61C-9B71-491D-A62C-B08926B38DDB}
	EndProjectSection
EndProject
Project("{8BC9CEB8-8B4A-11D0-8D11-00A0C91BC942}") = "parser", "soul\parser\parser.vcxproj", "{E4328F76-BCE3-454B-BE03-63B78A11170A}"
	ProjectSection(ProjectDependencies) = postProject
		{9DBB759C-7E26-4339-A413-7DD1454EE5AE} = {9DBB759C-7E26-4339-A413-7DD1454EE5AE}
	EndProjectSection
EndProject
Project("{8BC9CEB8-8B4A-11D0-8D11-00A0C91BC942}") = "slg", "soul\slg\slg.vcxproj", "{ADD8C356-57DC-42C9-81DB-5855BB6C5A6A}"
	ProjectSection(ProjectDependencies) = postProject
		{00815563-D4CD-40C0-83E9-DC21C0024E70} = {00815563-D4CD-40C0-83E9-DC21C0024E70}
		{19E63F3E-0845-442B-B894-AED66B30662D} = {19E63F3E-0845-442B-B894-AED66B30662D}
		{9A60ACDF-1B45-4184-9D82-86FE5ED2D708} = {9A60ACDF-1B45-4184-9D82-86FE5ED2D708}
		{9DBB759C-7E26-4339-A413-7DD1454EE5AE} = {9DBB759C-7E26-4339-A413-7DD1454EE5AE}
		{E4328F76-BCE3-454B-BE03-63B78A11170A} = {E4328F76-BCE3-454B-BE03-63B78A11170A}
	EndProjectSection
EndProject
Project("{8BC9CEB8-8B4A-11D0-8D11-00A0C91BC942}") = "zlibstat", "ext\zlib-1.2.11\contrib\vstudio\vc14\zlibstat.vcxproj", "{745DEC58-EBB3-47A9-A9B8-4C6627C01BF8}"
EndProject
Project("{8BC9CEB8-8B4A-11D0-8D11-00A0C91BC942}") = "ast", "soul\ast\ast.vcxproj", "{376CC61C-9B71-491D-A62C-B08926B38DDB}"
EndProject
Project("{8BC9CEB8-8B4A-11D0-8D11-00A0C91BC942}") = "cpp", "soul\cpp\cpp.vcxproj", "{3CABFE79-D9B3-44A2-99A1-D4ACA28481AB}"
	ProjectSection(ProjectDependencies) = postProject
		{69F93E57-1621-43B9-8B9B-C33C1C079DA9} = {69F93E57-1621-43B9-8B9B-C33C1C079DA9}
	EndProjectSection
EndProject
Project("{8BC9CEB8-8B4A-11D0-8D11-00A0C91BC942}") = "lex", "soul\lex\lex.vcxproj", "{69F93E57-1621-43B9-8B9B-C33C1C079DA9}"
	ProjectSection(ProjectDependencies) = postProject
		{19E63F3E-0845-442B-B894-AED66B30662D} = {19E63F3E-0845-442B-B894-AED66B30662D}
		{376CC61C-9B71-491D-A62C-B08926B38DDB} = {376CC61C-9B71-491D-A62C-B08926B38DDB}
		{9DBB759C-7E26-4339-A413-7DD1454EE5AE} = {9DBB759C-7E26-4339-A413-7DD1454EE5AE}
	EndProjectSection
EndProject
Project("{8BC9CEB8-8B4A-11D0-8D11-00A0C91BC942}") = "util", "util\util.vcxproj", "{9DBB759C-7E26-4339-A413-7DD1454EE5AE}"
	ProjectSection(ProjectDependencies) = postProject
		{745DEC58-EBB3-47A9-A9B8-4C6627C01BF8} = {745DEC58-EBB3-47A9-A9B8-4C6627C01BF8}
	EndProjectSection
EndProject
Project("{8BC9CEB8-8B4A-11D0-8D11-00A0C91BC942}") = "re", "soul\re\re.vcxproj", "{2EAD4772-F534-4FEE-B2B3-76C73DE0B89A}"
	ProjectSection(ProjectDependencies) = postProject
		{19E63F3E-0845-442B-B894-AED66B30662D} = {19E63F3E-0845-442B-B894-AED66B30662D}
		{376CC61C-9B71-491D-A62C-B08926B38DDB} = {376CC61C-9B71-491D-A62C-B08926B38DDB}
		{69F93E57-1621-43B9-8B9B-C33C1C079DA9} = {69F93E57-1621-43B9-8B9B-C33C1C079DA9}
		{9A60ACDF-1B45-4184-9D82-86FE5ED2D708} = {9A60ACDF-1B45-4184-9D82-86FE5ED2D708}
		{9DBB759C-7E26-4339-A413-7DD1454EE5AE} = {9DBB759C-7E26-4339-A413-7DD1454EE5AE}
		{E4328F76-BCE3-454B-BE03-63B78A11170A} = {E4328F76-BCE3-454B-BE03-63B78A11170A}
	EndProjectSection
EndProject
Project("{8BC9CEB8-8B4A-11D0-8D11-00A0C91BC942}") = "spg", "soul\spg\spg.vcxproj", "{EA8D632D-CA2E-4C03-8F2E-1BBEC1260A11}"
	ProjectSection(ProjectDependencies) = postProject
		{00815563-D4CD-40C0-83E9-DC21C0024E70} = {00815563-D4CD-40C0-83E9-DC21C0024E70}
		{19E63F3E-0845-442B-B894-AED66B30662D} = {19E63F3E-0845-442B-B894-AED66B30662D}
		{376CC61C-9B71-491D-A62C-B08926B38DDB} = {376CC61C-9B71-491D-A62C-B08926B38DDB}
		{3CABFE79-D9B3-44A2-99A1-D4ACA28481AB} = {3CABFE79-D9B3-44A2-99A1-D4ACA28481AB}
		{69F93E57-1621-43B9-8B9B-C33C1C079DA9} = {69F93E57-1621-43B9-8B9B-C33C1C079DA9}
		{9A60ACDF-1B45-4184-9D82-86FE5ED2D708} = {9A60ACDF-1B45-4184-9D82-86FE5ED2D708}
		{9DBB759C-7E26-4339-A413-7DD1454EE5AE} = {9DBB759C-7E26-4339-A413-7DD1454EE5AE}
		{E4328F76-BCE3-454B-BE03-63B78A11170A} = {E4328F76-BCE3-454B-BE03-63B78A11170A}
	EndProjectSection
EndProject
Project("{8BC9CEB8-8B4A-11D0-8D11-00A0C91BC942}") = "common", "soul\common\common.vcxproj", "{00815563-D4CD-40C0-83E9-DC21C0024E70}"
	ProjectSection(ProjectDependencies) = postProject
		{19E63F3E-0845-442B-B894-AED66B30662D} = {19E63F3E-0845-442B-B894-AED66B30662D}
		{69F93E57-1621-43B9-8B9B-C33C1C079DA9} = {69F93E57-1621-43B9-8B9B-C33C1C079DA9}
		{9A60ACDF-1B45-4184-9D82-86FE5ED2D708} = {9A60ACDF-1B45-4184-9D82-86FE5ED2D708}
		{9DBB759C-7E26-4339-A413-7DD1454EE5AE} = {9DBB759C-7E26-4339-A413-7DD1454EE5AE}
		{E4328F76-BCE3-454B-BE03-63B78A11170A} = {E4328F76-BCE3-454B-BE03-63B78A11170A}
	EndProjectSection
EndProject
Project("{2150E333-8FDC-42A3-9474-1A3956D46DE8}") = "xml", "xml", "{0EAEC954-637A-4FB5-AA46-FB34AFBF17D3}"
EndProject
Project("{8BC9CEB8-8B4A-11D0-8D11-00A0C91BC942}") = "dom", "soul\xml\dom\dom.vcxproj", "{C7D66FCE-6E85-4F03-9C35-200F53F37800}"
EndProject
Project("{8BC9CEB8-8B4A-11D0-8D11-00A0C91BC942}") = "processor", "soul\xml\processor\processor.vcxproj", "{DDB0E247-00F9-47E3-9A10-3E357DE0BB9F}"
EndProject
Project("{8BC9CEB8-8B4A-11D0-8D11-00A0C91BC942}") = "dom_parser", "soul\xml\dom_parser\dom_parser.vcxproj", "{3908ECF0-3A6B-4A1A-9A0E-5F872C88260F}"
EndProject
Project("{8BC9CEB8-8B4A-11D0-8D11-00A0C91BC942}") = "xml_parser_test", "soul\xml\xml_parser_test\xml_parser_test.vcxproj", "{9F65CD05-E432-4372-B191-5E1A4691AECD}"
EndProject
Project("{8BC9CEB8-8B4A-11D0-8D11-00A0C91BC942}") = "xml_parser", "soul\xml\xml_parser\xml_parser.vcxproj", "{A2ABD336-9F9B-4BDF-9A5B-D275C5C06408}"
EndProject
Project("{8BC9CEB8-8B4A-11D0-8D11-00A0C91BC942}") = "xpath", "soul\xml\xpath\xpath.vcxproj", "{ADA5D2E5-5404-4C0B-A9CA-2ACC7AA07CA4}"
EndProject
Project("{2150E333-8FDC-42A3-9474-1A3956D46DE8}") = "xml_test_data", "xml_test_data", "{A8748CCF-00C4-4098-9B13-997B49C84549}"
	ProjectSection(SolutionItems) = preProject
		soul\xml\xml_test_data\char_refs.xml = soul\xml\xml_test_data\char_refs.xml
		soul\xml\xml_test_data\comments.xml = soul\xml\xml_test_data\comments.xml
		soul\xml\xml_test_data\entity_refs.xml = soul\xml\xml_test_data\entity_refs.xml
		soul\xml\xml_test_data\error_half_open_comment.xml = soul\xml\xml_test_data\error_half_open_comment.xml
		soul\xml\xml_test_data\error_half_open_pi.xml = soul\xml\xml_test_data\error_half_open_pi.xml
		soul\xml\xml_test_data\error_two_roots.xml = soul\xml\xml_test_data\error_two_roots.xml
		soul\xml\xml_test_data\error_wrong_end_tag.xml = soul\xml\xml_test_data\error_wrong_end_tag.xml
		soul\xml\xml_test_data\inner_element.xml = soul\xml\xml_test_data\inner_element.xml
		soul\xml\xml_test_data\library.xml = soul\xml\xml_test_data\library.xml
		soul\xml\xml_test_data\minimal.xml = soul\xml\xml_test_data\minimal.xml
		soul\xml\xml_test_data\one_attribute.xml = soul\xml\xml_test_data\one_attribute.xml
		soul\xml\xml_test_data\pi.xml = soul\xml\xml_test_data\pi.xml
		soul\xml\xml_test_data\skipped_entity.xml = soul\xml\xml_test_data\skipped_entity.xml
		soul\xml\xml_test_data\two_attributes.xml = soul\xml\xml_test_data\two_attributes.xml
	EndProjectSection
EndProject
Project("{8BC9CEB8-8B4A-11D0-8D11-00A0C91BC942}") = "xpath_test", "soul\xml\xpath_test\xpath_test.vcxproj", "{2331E322-1FD9-4078-9A4A-3C0BD5C50C43}"
EndProject
Project("{2150E333-8FDC-42A3-9474-1A3956D46DE8}") = "xpath_tests", "xpath_tests", "{BB8DB70E-13D0-4FA5-B62A-8B999CEE296D}"
	ProjectSection(SolutionItems) = preProject
		soul\xml\xpath_tests\T00_select_document_node.bat = soul\xml\xpath_tests\T00_select_document_node.bat
		soul\xml\xpath_tests\T01_select_root_node.bat = soul\xml\xpath_tests\T01_select_root_node.bat
		soul\xml\xpath_tests\T02_not_found_select_root_node_child.bat = soul\xml\xpath_tests\T02_not_found_select_root_node_child.bat
		soul\xml\xpath_tests\T03_select_object_names.bat = soul\xml\xpath_tests\T03_select_object_names.bat
		soul\xml\xpath_tests\T04_number_of_elements.bat = soul\xml\xpath_tests\T04_number_of_elements.bat
		soul\xml\xpath_tests\T05_select_groups_that_have_artworks.bat = soul\xml\xpath_tests\T05_select_groups_that_have_artworks.bat
		soul\xml\xpath_tests\T06_select_books_of_vlissides.bat = soul\xml\xpath_tests\T06_select_books_of_vlissides.bat
		soul\xml\xpath_tests\T07_who_has_written_taocp.bat = soul\xml\xpath_tests\T07_who_has_written_taocp.bat
		soul\xml\xpath_tests\T08_when_was_design_patterns_written.bat = soul\xml\xpath_tests\T08_when_was_design_patterns_written.bat
		soul\xml\xpath_tests\T09_text.bat = soul\xml\xpath_tests\T09_text.bat
		soul\xml\xpath_tests\T10_pi.bat = soul\xml\xpath_tests\T10_pi.bat
		soul\xml\xpath_tests\T11_comment.bat = soul\xml\xpath_tests\T11_comment.bat
	EndProjectSection
EndProject
Project("{8BC9CEB8-8B4A-11D0-8D11-00A0C91BC942}") = "rex", "soul\rex\rex.vcxproj", "{48B54A5A-3058-488B-BAFC-022750421339}"
EndProject
Project("{2150E333-8FDC-42A3-9474-1A3956D46DE8}") = "tools", "tools", "{D32D9A58-313A-4EAB-BA1A-188C33D585C2}"
EndProject
Project("{8BC9CEB8-8B4A-11D0-8D11-00A0C91BC942}") = "soul_inst", "tools\soul_inst\soul_inst.vcxproj", "{D1ACF7F7-00CB-40B9-8F7A-3A68A60AAF01}"
EndProject
Project("{2150E333-8FDC-42A3-9474-1A3956D46DE8}") = "examples", "examples", "{ED596215-59BC-4D09-8D7A-D300704CAC59}"
EndProject
Project("{8BC9CEB8-8B4A-11D0-8D11-00A0C91BC942}") = "minilang", "examples\minilang\minilang.vcxproj", "{444521B3-56C2-4BEC-8DD2-AA1176D4C18F}"
EndProject
Project("{8BC9CEB8-8B4A-11D0-8D11-00A0C91BC942}") = "make_soul_ucd", "tools\make_soul_ucd\make_soul_ucd.vcxproj", "{1EBB219E-4F8E-44CF-BAD0-D2A37C6D5B5C}"
EndProject
Project("{2150E333-8FDC-42A3-9474-1A3956D46DE8}") = "minilang_tests", "minilang_tests", "{B81D7345-49CA-4DD1-8810-201EAE9F1E62}"
	ProjectSection(SolutionItems) = preProject
		examples\minilang_tests\empty.minilang = examples\minilang_tests\empty.minilang
		examples\minilang_tests\error_comma.minilang = examples\minilang_tests\error_comma.minilang
		examples\minilang_tests\error_semicolon.minilang = examples\minilang_tests\error_semicolon.minilang
		examples\minilang_tests\fibonacci.minilang = examples\minilang_tests\fibonacci.minilang
		examples\minilang_tests\gcd.minilang = examples\minilang_tests\gcd.minilang
		examples\minilang_tests\invalid.minilang = examples\minilang_tests\invalid.minilang
		examples\minilang_tests\minimal.minilang = examples\minilang_tests\minimal.minilang
		examples\minilang_tests\unicodeid.minilang = examples\minilang_tests\unicodeid.minilang
	EndProjectSection
EndProject
Project("{8BC9CEB8-8B4A-11D0-8D11-00A0C91BC942}") = "cpp2html", "tools\cpp2html\cpp2html.vcxproj", "{F868F3E1-F543-43D3-A2EF-F0C4B0EA0935}"
EndProject
Project("{8BC9CEB8-8B4A-11D0-8D11-00A0C91BC942}") = "soul2html", "tools\soul2html\soul2html.vcxproj", "{3E928205-284A-491F-9F03-8C831D6D8958}"
EndProject
Project("{8BC9CEB8-8B4A-11D0-8D11-00A0C91BC942}") = "ref2html", "tools\ref2html\ref2html.vcxproj", "{35FFC5A7-47B2-4E5A-9D69-319661FE4866}"
EndProject
Project("{8BC9CEB8-8B4A-11D0-8D11-00A0C91BC942}") = "serialization", "soul\xml\serialization\serialization.vcxproj", "{DAB621CA-E2A5-49B5-8BAF-C1428B258498}"
EndProject
Project("{2150E333-8FDC-42A3-9474-1A3956D46DE8}") = "serialization_test_data", "serialization_test_data", "{8100879B-A3F2-4B53-9EC7-23AB0532E158}"
	ProjectSection(SolutionItems) = preProject
		soul\xml\serialization_test_data\class.xmlser = soul\xml\serialization_test_data\class.xmlser
		soul\xml\serialization_test_data\empty.xmlser = soul\xml\serialization_test_data\empty.xmlser
		soul\xml\serialization_test_data\empty_class.xmlser = soul\xml\serialization_test_data\empty_class.xmlser
		soul\xml\serialization_test_data\export.xmlser = soul\xml\serialization_test_data\export.xmlser
		soul\xml\serialization_test_data\ns.xmlser = soul\xml\serialization_test_data\ns.xmlser
	EndProjectSection
EndProject
Project("{8BC9CEB8-8B4A-11D0-8D11-00A0C91BC942}") = "xmlsergen", "soul\xml\xmlsergen\xmlsergen.vcxproj", "{D020F9A2-616F-4AD9-B42F-7C761D6A2921}"
EndProject
Project("{8BC9CEB8-8B4A-11D0-8D11-00A0C91BC942}") = "book_server", "examples\book_server\book_server.vcxproj", "{7CE86BEA-74DD-4798-82B2-8142DDE69661}"
EndProject
Project("{2150E333-8FDC-42A3-9474-1A3956D46DE8}") = "cpp20", "cpp20", "{EA7BDE78-1C9D-4134-AF2D-A57C59B86C56}"
EndProject
Project("{8BC9CEB8-8B4A-11D0-8D11-00A0C91BC942}") = "ast", "soul\cpp20\ast\ast.vcxproj", "{6BDF2ED0-41BA-4778-9C88-4C27754EF0D1}"
EndProject
Project("{8BC9CEB8-8B4A-11D0-8D11-00A0C91BC942}") = "token", "soul\cpp20\token\token.vcxproj", "{5232ED93-63EC-469E-90AD-A25DD0CA6AB1}"
EndProject
Project("{2150E333-8FDC-42A3-9474-1A3956D46DE8}") = "keyword", "keyword", "{B824E046-26EA-455A-91A2-AFEAAC1CB737}"
	ProjectSection(SolutionItems) = preProject
		soul\cpp20\keyword\cpp20.keyword = soul\cpp20\keyword\cpp20.keyword
	EndProjectSection
EndProject
Project("{2150E333-8FDC-42A3-9474-1A3956D46DE8}") = "expression", "expression", "{0C81FB2C-5AAC-4EE5-A6DF-7EE721489206}"
	ProjectSection(SolutionItems) = preProject
		soul\cpp20\expression\cpp20.expr = soul\cpp20\expression\cpp20.expr
	EndProjectSection
EndProject
Project("{8BC9CEB8-8B4A-11D0-8D11-00A0C91BC942}") = "lexer", "soul\cpp20\lexer\lexer.vcxproj", "{D11D6F6D-D91C-45AD-B9EA-20CF4A64C061}"
EndProject
Project("{2150E333-8FDC-42A3-9474-1A3956D46DE8}") = "std", "std", "{328ECFB7-F039-45E6-B3FF-B510AAEEDE0C}"
EndProject
Project("{8BC9CEB8-8B4A-11D0-8D11-00A0C91BC942}") = "symbols", "soul\cpp20\symbols\symbols.vcxproj", "{936F4A64-4818-450A-B5D3-B285476F8488}"
EndProject
Project("{8BC9CEB8-8B4A-11D0-8D11-00A0C91BC942}") = "parser", "soul\cpp20\parser\parser.vcxproj", "{086C283B-2155-4874-94CA-C98717FEEFE6}"
EndProject
Project("{8BC9CEB8-8B4A-11D0-8D11-00A0C91BC942}") = "project", "soul\cpp20\project\project.vcxproj", "{9FAF9C96-091F-4413-ADC5-A9873D78B68D}"
EndProject
Project("{8BC9CEB8-8B4A-11D0-8D11-00A0C91BC942}") = "build", "soul\cpp20\build\build.vcxproj", "{6033D54A-AD3B-4537-8146-2B45C8857CFB}"
EndProject
Project("{8BC9CEB8-8B4A-11D0-8D11-00A0C91BC942}") = "gendoc", "tools\gendoc\gendoc.vcxproj", "{D2A763BC-DB17-4DED-9C28-8F6A16FA6103}"
EndProject
Global
	GlobalSection(SolutionConfigurationPlatforms) = preSolution
		Debug|Itanium = Debug|Itanium
		Debug|x64 = Debug|x64
		Debug|x86 = Debug|x86
		Release|Itanium = Release|Itanium
		Release|x64 = Release|x64
		Release|x86 = Release|x86
		ReleaseWithoutAsm|Itanium = ReleaseWithoutAsm|Itanium
		ReleaseWithoutAsm|x64 = ReleaseWithoutAsm|x64
		ReleaseWithoutAsm|x86 = ReleaseWithoutAsm|x86
		Trace|Itanium = Trace|Itanium
		Trace|x64 = Trace|x64
		Trace|x86 = Trace|x86
	EndGlobalSection
	GlobalSection(ProjectConfigurationPlatforms) = postSolution
		{9A60ACDF-1B45-4184-9D82-86FE5ED2D708}.Debug|Itanium.ActiveCfg = Debug|x64
		{9A60ACDF-1B45-4184-9D82-86FE5ED2D708}.Debug|Itanium.Build.0 = Debug|x64
		{9A60ACDF-1B45-4184-9D82-86FE5ED2D708}.Debug|x64.ActiveCfg = Debug|x64
		{9A60ACDF-1B45-4184-9D82-86FE5ED2D708}.Debug|x64.Build.0 = Debug|x64
		{9A60ACDF-1B45-4184-9D82-86FE5ED2D708}.Debug|x86.ActiveCfg = Debug|Win32
		{9A60ACDF-1B45-4184-9D82-86FE5ED2D708}.Debug|x86.Build.0 = Debug|Win32
		{9A60ACDF-1B45-4184-9D82-86FE5ED2D708}.Release|Itanium.ActiveCfg = Release|x64
		{9A60ACDF-1B45-4184-9D82-86FE5ED2D708}.Release|Itanium.Build.0 = Release|x64
		{9A60ACDF-1B45-4184-9D82-86FE5ED2D708}.Release|x64.ActiveCfg = Release|x64
		{9A60ACDF-1B45-4184-9D82-86FE5ED2D708}.Release|x64.Build.0 = Release|x64
		{9A60ACDF-1B45-4184-9D82-86FE5ED2D708}.Release|x86.ActiveCfg = Release|Win32
		{9A60ACDF-1B45-4184-9D82-86FE5ED2D708}.Release|x86.Build.0 = Release|Win32
		{9A60ACDF-1B45-4184-9D82-86FE5ED2D708}.ReleaseWithoutAsm|Itanium.ActiveCfg = Release|Win32
		{9A60ACDF-1B45-4184-9D82-86FE5ED2D708}.ReleaseWithoutAsm|Itanium.Build.0 = Release|Win32
		{9A60ACDF-1B45-4184-9D82-86FE5ED2D708}.ReleaseWithoutAsm|x64.ActiveCfg = Release|x64
		{9A60ACDF-1B45-4184-9D82-86FE5ED2D708}.ReleaseWithoutAsm|x64.Build.0 = Release|x64
		{9A60ACDF-1B45-4184-9D82-86FE5ED2D708}.ReleaseWithoutAsm|x86.ActiveCfg = Release|Win32
		{9A60ACDF-1B45-4184-9D82-86FE5ED2D708}.ReleaseWithoutAsm|x86.Build.0 = Release|Win32
		{9A60ACDF-1B45-4184-9D82-86FE5ED2D708}.Trace|Itanium.ActiveCfg = Release|Win32
		{9A60ACDF-1B45-4184-9D82-86FE5ED2D708}.Trace|Itanium.Build.0 = Release|Win32
		{9A60ACDF-1B45-4184-9D82-86FE5ED2D708}.Trace|x64.ActiveCfg = Release|x64
		{9A60ACDF-1B45-4184-9D82-86FE5ED2D708}.Trace|x64.Build.0 = Release|x64
		{9A60ACDF-1B45-4184-9D82-86FE5ED2D708}.Trace|x86.ActiveCfg = Release|Win32
		{9A60ACDF-1B45-4184-9D82-86FE5ED2D708}.Trace|x86.Build.0 = Release|Win32
		{19E63F3E-0845-442B-B894-AED66B30662D}.Debug|Itanium.ActiveCfg = Debug|x64
		{19E63F3E-0845-442B-B894-AED66B30662D}.Debug|Itanium.Build.0 = Debug|x64
		{19E63F3E-0845-442B-B894-AED66B30662D}.Debug|x64.ActiveCfg = Debug|x64
		{19E63F3E-0845-442B-B894-AED66B30662D}.Debug|x64.Build.0 = Debug|x64
		{19E63F3E-0845-442B-B894-AED66B30662D}.Debug|x86.ActiveCfg = Debug|Win32
		{19E63F3E-0845-442B-B894-AED66B30662D}.Debug|x86.Build.0 = Debug|Win32
		{19E63F3E-0845-442B-B894-AED66B30662D}.Release|Itanium.ActiveCfg = Release|x64
		{19E63F3E-0845-442B-B894-AED66B30662D}.Release|Itanium.Build.0 = Release|x64
		{19E63F3E-0845-442B-B894-AED66B30662D}.Release|x64.ActiveCfg = Release|x64
		{19E63F3E-0845-442B-B894-AED66B30662D}.Release|x64.Build.0 = Release|x64
		{19E63F3E-0845-442B-B894-AED66B30662D}.Release|x86.ActiveCfg = Release|Win32
		{19E63F3E-0845-442B-B894-AED66B30662D}.Release|x86.Build.0 = Release|Win32
		{19E63F3E-0845-442B-B894-AED66B30662D}.ReleaseWithoutAsm|Itanium.ActiveCfg = Release|Win32
		{19E63F3E-0845-442B-B894-AED66B30662D}.ReleaseWithoutAsm|Itanium.Build.0 = Release|Win32
		{19E63F3E-0845-442B-B894-AED66B30662D}.ReleaseWithoutAsm|x64.ActiveCfg = Release|x64
		{19E63F3E-0845-442B-B894-AED66B30662D}.ReleaseWithoutAsm|x64.Build.0 = Release|x64
		{19E63F3E-0845-442B-B894-AED66B30662D}.ReleaseWithoutAsm|x86.ActiveCfg = Release|Win32
		{19E63F3E-0845-442B-B894-AED66B30662D}.ReleaseWithoutAsm|x86.Build.0 = Release|Win32
		{19E63F3E-0845-442B-B894-AED66B30662D}.Trace|Itanium.ActiveCfg = Release|Win32
		{19E63F3E-0845-442B-B894-AED66B30662D}.Trace|Itanium.Build.0 = Release|Win32
		{19E63F3E-0845-442B-B894-AED66B30662D}.Trace|x64.ActiveCfg = Release|x64
		{19E63F3E-0845-442B-B894-AED66B30662D}.Trace|x64.Build.0 = Release|x64
		{19E63F3E-0845-442B-B894-AED66B30662D}.Trace|x86.ActiveCfg = Release|Win32
		{19E63F3E-0845-442B-B894-AED66B30662D}.Trace|x86.Build.0 = Release|Win32
		{E4328F76-BCE3-454B-BE03-63B78A11170A}.Debug|Itanium.ActiveCfg = Debug|x64
		{E4328F76-BCE3-454B-BE03-63B78A11170A}.Debug|Itanium.Build.0 = Debug|x64
		{E4328F76-BCE3-454B-BE03-63B78A11170A}.Debug|x64.ActiveCfg = Debug|x64
		{E4328F76-BCE3-454B-BE03-63B78A11170A}.Debug|x64.Build.0 = Debug|x64
		{E4328F76-BCE3-454B-BE03-63B78A11170A}.Debug|x86.ActiveCfg = Debug|Win32
		{E4328F76-BCE3-454B-BE03-63B78A11170A}.Debug|x86.Build.0 = Debug|Win32
		{E4328F76-BCE3-454B-BE03-63B78A11170A}.Release|Itanium.ActiveCfg = Release|x64
		{E4328F76-BCE3-454B-BE03-63B78A11170A}.Release|Itanium.Build.0 = Release|x64
		{E4328F76-BCE3-454B-BE03-63B78A11170A}.Release|x64.ActiveCfg = Release|x64
		{E4328F76-BCE3-454B-BE03-63B78A11170A}.Release|x64.Build.0 = Release|x64
		{E4328F76-BCE3-454B-BE03-63B78A11170A}.Release|x86.ActiveCfg = Release|Win32
		{E4328F76-BCE3-454B-BE03-63B78A11170A}.Release|x86.Build.0 = Release|Win32
		{E4328F76-BCE3-454B-BE03-63B78A11170A}.ReleaseWithoutAsm|Itanium.ActiveCfg = Release|Win32
		{E4328F76-BCE3-454B-BE03-63B78A11170A}.ReleaseWithoutAsm|Itanium.Build.0 = Release|Win32
		{E4328F76-BCE3-454B-BE03-63B78A11170A}.ReleaseWithoutAsm|x64.ActiveCfg = Release|x64
		{E4328F76-BCE3-454B-BE03-63B78A11170A}.ReleaseWithoutAsm|x64.Build.0 = Release|x64
		{E4328F76-BCE3-454B-BE03-63B78A11170A}.ReleaseWithoutAsm|x86.ActiveCfg = Release|Win32
		{E4328F76-BCE3-454B-BE03-63B78A11170A}.ReleaseWithoutAsm|x86.Build.0 = Release|Win32
		{E4328F76-BCE3-454B-BE03-63B78A11170A}.Trace|Itanium.ActiveCfg = Release|Win32
		{E4328F76-BCE3-454B-BE03-63B78A11170A}.Trace|Itanium.Build.0 = Release|Win32
		{E4328F76-BCE3-454B-BE03-63B78A11170A}.Trace|x64.ActiveCfg = Release|x64
		{E4328F76-BCE3-454B-BE03-63B78A11170A}.Trace|x64.Build.0 = Release|x64
		{E4328F76-BCE3-454B-BE03-63B78A11170A}.Trace|x86.ActiveCfg = Release|Win32
		{E4328F76-BCE3-454B-BE03-63B78A11170A}.Trace|x86.Build.0 = Release|Win32
		{ADD8C356-57DC-42C9-81DB-5855BB6C5A6A}.Debug|Itanium.ActiveCfg = Debug|x64
		{ADD8C356-57DC-42C9-81DB-5855BB6C5A6A}.Debug|Itanium.Build.0 = Debug|x64
		{ADD8C356-57DC-42C9-81DB-5855BB6C5A6A}.Debug|x64.ActiveCfg = Debug|x64
		{ADD8C356-57DC-42C9-81DB-5855BB6C5A6A}.Debug|x64.Build.0 = Debug|x64
		{ADD8C356-57DC-42C9-81DB-5855BB6C5A6A}.Debug|x86.ActiveCfg = Debug|Win32
		{ADD8C356-57DC-42C9-81DB-5855BB6C5A6A}.Debug|x86.Build.0 = Debug|Win32
		{ADD8C356-57DC-42C9-81DB-5855BB6C5A6A}.Release|Itanium.ActiveCfg = Release|x64
		{ADD8C356-57DC-42C9-81DB-5855BB6C5A6A}.Release|Itanium.Build.0 = Release|x64
		{ADD8C356-57DC-42C9-81DB-5855BB6C5A6A}.Release|x64.ActiveCfg = Release|x64
		{ADD8C356-57DC-42C9-81DB-5855BB6C5A6A}.Release|x64.Build.0 = Release|x64
		{ADD8C356-57DC-42C9-81DB-5855BB6C5A6A}.Release|x86.ActiveCfg = Release|Win32
		{ADD8C356-57DC-42C9-81DB-5855BB6C5A6A}.Release|x86.Build.0 = Release|Win32
		{ADD8C356-57DC-42C9-81DB-5855BB6C5A6A}.ReleaseWithoutAsm|Itanium.ActiveCfg = Debug|Win32
		{ADD8C356-57DC-42C9-81DB-5855BB6C5A6A}.ReleaseWithoutAsm|Itanium.Build.0 = Debug|Win32
		{ADD8C356-57DC-42C9-81DB-5855BB6C5A6A}.ReleaseWithoutAsm|x64.ActiveCfg = Release|x64
		{ADD8C356-57DC-42C9-81DB-5855BB6C5A6A}.ReleaseWithoutAsm|x64.Build.0 = Release|x64
		{ADD8C356-57DC-42C9-81DB-5855BB6C5A6A}.ReleaseWithoutAsm|x86.ActiveCfg = Release|Win32
		{ADD8C356-57DC-42C9-81DB-5855BB6C5A6A}.ReleaseWithoutAsm|x86.Build.0 = Release|Win32
		{ADD8C356-57DC-42C9-81DB-5855BB6C5A6A}.Trace|Itanium.ActiveCfg = Debug|Win32
		{ADD8C356-57DC-42C9-81DB-5855BB6C5A6A}.Trace|Itanium.Build.0 = Debug|Win32
		{ADD8C356-57DC-42C9-81DB-5855BB6C5A6A}.Trace|x64.ActiveCfg = Debug|x64
		{ADD8C356-57DC-42C9-81DB-5855BB6C5A6A}.Trace|x64.Build.0 = Debug|x64
		{ADD8C356-57DC-42C9-81DB-5855BB6C5A6A}.Trace|x86.ActiveCfg = Debug|Win32
		{ADD8C356-57DC-42C9-81DB-5855BB6C5A6A}.Trace|x86.Build.0 = Debug|Win32
		{745DEC58-EBB3-47A9-A9B8-4C6627C01BF8}.Debug|Itanium.ActiveCfg = Debug|Itanium
		{745DEC58-EBB3-47A9-A9B8-4C6627C01BF8}.Debug|Itanium.Build.0 = Debug|Itanium
		{745DEC58-EBB3-47A9-A9B8-4C6627C01BF8}.Debug|x64.ActiveCfg = Debug|x64
		{745DEC58-EBB3-47A9-A9B8-4C6627C01BF8}.Debug|x64.Build.0 = Debug|x64
		{745DEC58-EBB3-47A9-A9B8-4C6627C01BF8}.Debug|x86.ActiveCfg = Debug|Win32
		{745DEC58-EBB3-47A9-A9B8-4C6627C01BF8}.Debug|x86.Build.0 = Debug|Win32
		{745DEC58-EBB3-47A9-A9B8-4C6627C01BF8}.Release|Itanium.ActiveCfg = Release|Itanium
		{745DEC58-EBB3-47A9-A9B8-4C6627C01BF8}.Release|Itanium.Build.0 = Release|Itanium
		{745DEC58-EBB3-47A9-A9B8-4C6627C01BF8}.Release|x64.ActiveCfg = Release|x64
		{745DEC58-EBB3-47A9-A9B8-4C6627C01BF8}.Release|x64.Build.0 = Release|x64
		{745DEC58-EBB3-47A9-A9B8-4C6627C01BF8}.Release|x86.ActiveCfg = Release|Win32
		{745DEC58-EBB3-47A9-A9B8-4C6627C01BF8}.Release|x86.Build.0 = Release|Win32
		{745DEC58-EBB3-47A9-A9B8-4C6627C01BF8}.ReleaseWithoutAsm|Itanium.ActiveCfg = ReleaseWithoutAsm|Itanium
		{745DEC58-EBB3-47A9-A9B8-4C6627C01BF8}.ReleaseWithoutAsm|Itanium.Build.0 = ReleaseWithoutAsm|Itanium
		{745DEC58-EBB3-47A9-A9B8-4C6627C01BF8}.ReleaseWithoutAsm|x64.ActiveCfg = ReleaseWithoutAsm|x64
		{745DEC58-EBB3-47A9-A9B8-4C6627C01BF8}.ReleaseWithoutAsm|x64.Build.0 = ReleaseWithoutAsm|x64
		{745DEC58-EBB3-47A9-A9B8-4C6627C01BF8}.ReleaseWithoutAsm|x86.ActiveCfg = ReleaseWithoutAsm|Win32
		{745DEC58-EBB3-47A9-A9B8-4C6627C01BF8}.ReleaseWithoutAsm|x86.Build.0 = ReleaseWithoutAsm|Win32
		{745DEC58-EBB3-47A9-A9B8-4C6627C01BF8}.Trace|Itanium.ActiveCfg = Trace|Itanium
		{745DEC58-EBB3-47A9-A9B8-4C6627C01BF8}.Trace|Itanium.Build.0 = Trace|Itanium
		{745DEC58-EBB3-47A9-A9B8-4C6627C01BF8}.Trace|x64.ActiveCfg = Trace|x64
		{745DEC58-EBB3-47A9-A9B8-4C6627C01BF8}.Trace|x64.Build.0 = Trace|x64
		{745DEC58-EBB3-47A9-A9B8-4C6627C01BF8}.Trace|x86.ActiveCfg = Trace|Win32
		{745DEC58-EBB3-47A9-A9B8-4C6627C01BF8}.Trace|x86.Build.0 = Trace|Win32
		{376CC61C-9B71-491D-A62C-B08926B38DDB}.Debug|Itanium.ActiveCfg = Debug|x64
		{376CC61C-9B71-491D-A62C-B08926B38DDB}.Debug|Itanium.Build.0 = Debug|x64
		{376CC61C-9B71-491D-A62C-B08926B38DDB}.Debug|x64.ActiveCfg = Debug|x64
		{376CC61C-9B71-491D-A62C-B08926B38DDB}.Debug|x64.Build.0 = Debug|x64
		{376CC61C-9B71-491D-A62C-B08926B38DDB}.Debug|x86.ActiveCfg = Debug|Win32
		{376CC61C-9B71-491D-A62C-B08926B38DDB}.Debug|x86.Build.0 = Debug|Win32
		{376CC61C-9B71-491D-A62C-B08926B38DDB}.Release|Itanium.ActiveCfg = Release|x64
		{376CC61C-9B71-491D-A62C-B08926B38DDB}.Release|Itanium.Build.0 = Release|x64
		{376CC61C-9B71-491D-A62C-B08926B38DDB}.Release|x64.ActiveCfg = Release|x64
		{376CC61C-9B71-491D-A62C-B08926B38DDB}.Release|x64.Build.0 = Release|x64
		{376CC61C-9B71-491D-A62C-B08926B38DDB}.Release|x86.ActiveCfg = Release|Win32
		{376CC61C-9B71-491D-A62C-B08926B38DDB}.Release|x86.Build.0 = Release|Win32
		{376CC61C-9B71-491D-A62C-B08926B38DDB}.ReleaseWithoutAsm|Itanium.ActiveCfg = Debug|Win32
		{376CC61C-9B71-491D-A62C-B08926B38DDB}.ReleaseWithoutAsm|Itanium.Build.0 = Debug|Win32
		{376CC61C-9B71-491D-A62C-B08926B38DDB}.ReleaseWithoutAsm|x64.ActiveCfg = Release|x64
		{376CC61C-9B71-491D-A62C-B08926B38DDB}.ReleaseWithoutAsm|x64.Build.0 = Release|x64
		{376CC61C-9B71-491D-A62C-B08926B38DDB}.ReleaseWithoutAsm|x86.ActiveCfg = Release|Win32
		{376CC61C-9B71-491D-A62C-B08926B38DDB}.ReleaseWithoutAsm|x86.Build.0 = Release|Win32
		{376CC61C-9B71-491D-A62C-B08926B38DDB}.Trace|Itanium.ActiveCfg = Debug|Win32
		{376CC61C-9B71-491D-A62C-B08926B38DDB}.Trace|Itanium.Build.0 = Debug|Win32
		{376CC61C-9B71-491D-A62C-B08926B38DDB}.Trace|x64.ActiveCfg = Debug|x64
		{376CC61C-9B71-491D-A62C-B08926B38DDB}.Trace|x64.Build.0 = Debug|x64
		{376CC61C-9B71-491D-A62C-B08926B38DDB}.Trace|x86.ActiveCfg = Debug|Win32
		{376CC61C-9B71-491D-A62C-B08926B38DDB}.Trace|x86.Build.0 = Debug|Win32
		{3CABFE79-D9B3-44A2-99A1-D4ACA28481AB}.Debug|Itanium.ActiveCfg = Debug|x64
		{3CABFE79-D9B3-44A2-99A1-D4ACA28481AB}.Debug|Itanium.Build.0 = Debug|x64
		{3CABFE79-D9B3-44A2-99A1-D4ACA28481AB}.Debug|x64.ActiveCfg = Debug|x64
		{3CABFE79-D9B3-44A2-99A1-D4ACA28481AB}.Debug|x64.Build.0 = Debug|x64
		{3CABFE79-D9B3-44A2-99A1-D4ACA28481AB}.Debug|x86.ActiveCfg = Debug|Win32
		{3CABFE79-D9B3-44A2-99A1-D4ACA28481AB}.Debug|x86.Build.0 = Debug|Win32
		{3CABFE79-D9B3-44A2-99A1-D4ACA28481AB}.Release|Itanium.ActiveCfg = Release|x64
		{3CABFE79-D9B3-44A2-99A1-D4ACA28481AB}.Release|Itanium.Build.0 = Release|x64
		{3CABFE79-D9B3-44A2-99A1-D4ACA28481AB}.Release|x64.ActiveCfg = Release|x64
		{3CABFE79-D9B3-44A2-99A1-D4ACA28481AB}.Release|x64.Build.0 = Release|x64
		{3CABFE79-D9B3-44A2-99A1-D4ACA28481AB}.Release|x86.ActiveCfg = Release|Win32
		{3CABFE79-D9B3-44A2-99A1-D4ACA28481AB}.Release|x86.Build.0 = Release|Win32
		{3CABFE79-D9B3-44A2-99A1-D4ACA28481AB}.ReleaseWithoutAsm|Itanium.ActiveCfg = Release|x64
		{3CABFE79-D9B3-44A2-99A1-D4ACA28481AB}.ReleaseWithoutAsm|Itanium.Build.0 = Release|x64
		{3CABFE79-D9B3-44A2-99A1-D4ACA28481AB}.ReleaseWithoutAsm|x64.ActiveCfg = Release|x64
		{3CABFE79-D9B3-44A2-99A1-D4ACA28481AB}.ReleaseWithoutAsm|x64.Build.0 = Release|x64
		{3CABFE79-D9B3-44A2-99A1-D4ACA28481AB}.ReleaseWithoutAsm|x86.ActiveCfg = Release|Win32
		{3CABFE79-D9B3-44A2-99A1-D4ACA28481AB}.ReleaseWithoutAsm|x86.Build.0 = Release|Win32
		{3CABFE79-D9B3-44A2-99A1-D4ACA28481AB}.Trace|Itanium.ActiveCfg = Debug|x64
		{3CABFE79-D9B3-44A2-99A1-D4ACA28481AB}.Trace|Itanium.Build.0 = Debug|x64
		{3CABFE79-D9B3-44A2-99A1-D4ACA28481AB}.Trace|x64.ActiveCfg = Debug|x64
		{3CABFE79-D9B3-44A2-99A1-D4ACA28481AB}.Trace|x64.Build.0 = Debug|x64
		{3CABFE79-D9B3-44A2-99A1-D4ACA28481AB}.Trace|x86.ActiveCfg = Debug|Win32
		{3CABFE79-D9B3-44A2-99A1-D4ACA28481AB}.Trace|x86.Build.0 = Debug|Win32
		{69F93E57-1621-43B9-8B9B-C33C1C079DA9}.Debug|Itanium.ActiveCfg = Debug|x64
		{69F93E57-1621-43B9-8B9B-C33C1C079DA9}.Debug|Itanium.Build.0 = Debug|x64
		{69F93E57-1621-43B9-8B9B-C33C1C079DA9}.Debug|x64.ActiveCfg = Debug|x64
		{69F93E57-1621-43B9-8B9B-C33C1C079DA9}.Debug|x64.Build.0 = Debug|x64
		{69F93E57-1621-43B9-8B9B-C33C1C079DA9}.Debug|x86.ActiveCfg = Debug|Win32
		{69F93E57-1621-43B9-8B9B-C33C1C079DA9}.Debug|x86.Build.0 = Debug|Win32
		{69F93E57-1621-43B9-8B9B-C33C1C079DA9}.Release|Itanium.ActiveCfg = Release|x64
		{69F93E57-1621-43B9-8B9B-C33C1C079DA9}.Release|Itanium.Build.0 = Release|x64
		{69F93E57-1621-43B9-8B9B-C33C1C079DA9}.Release|x64.ActiveCfg = Release|x64
		{69F93E57-1621-43B9-8B9B-C33C1C079DA9}.Release|x64.Build.0 = Release|x64
		{69F93E57-1621-43B9-8B9B-C33C1C079DA9}.Release|x86.ActiveCfg = Release|Win32
		{69F93E57-1621-43B9-8B9B-C33C1C079DA9}.Release|x86.Build.0 = Release|Win32
		{69F93E57-1621-43B9-8B9B-C33C1C079DA9}.ReleaseWithoutAsm|Itanium.ActiveCfg = Release|x64
		{69F93E57-1621-43B9-8B9B-C33C1C079DA9}.ReleaseWithoutAsm|Itanium.Build.0 = Release|x64
		{69F93E57-1621-43B9-8B9B-C33C1C079DA9}.ReleaseWithoutAsm|x64.ActiveCfg = Release|x64
		{69F93E57-1621-43B9-8B9B-C33C1C079DA9}.ReleaseWithoutAsm|x64.Build.0 = Release|x64
		{69F93E57-1621-43B9-8B9B-C33C1C079DA9}.ReleaseWithoutAsm|x86.ActiveCfg = Release|Win32
		{69F93E57-1621-43B9-8B9B-C33C1C079DA9}.ReleaseWithoutAsm|x86.Build.0 = Release|Win32
		{69F93E57-1621-43B9-8B9B-C33C1C079DA9}.Trace|Itanium.ActiveCfg = Debug|x64
		{69F93E57-1621-43B9-8B9B-C33C1C079DA9}.Trace|Itanium.Build.0 = Debug|x64
		{69F93E57-1621-43B9-8B9B-C33C1C079DA9}.Trace|x64.ActiveCfg = Debug|x64
		{69F93E57-1621-43B9-8B9B-C33C1C079DA9}.Trace|x64.Build.0 = Debug|x64
		{69F93E57-1621-43B9-8B9B-C33C1C079DA9}.Trace|x86.ActiveCfg = Debug|Win32
		{69F93E57-1621-43B9-8B9B-C33C1C079DA9}.Trace|x86.Build.0 = Debug|Win32
		{9DBB759C-7E26-4339-A413-7DD1454EE5AE}.Debug|Itanium.ActiveCfg = Debug|x64
		{9DBB759C-7E26-4339-A413-7DD1454EE5AE}.Debug|Itanium.Build.0 = Debug|x64
		{9DBB759C-7E26-4339-A413-7DD1454EE5AE}.Debug|x64.ActiveCfg = Debug|x64
		{9DBB759C-7E26-4339-A413-7DD1454EE5AE}.Debug|x64.Build.0 = Debug|x64
		{9DBB759C-7E26-4339-A413-7DD1454EE5AE}.Debug|x86.ActiveCfg = Debug|Win32
		{9DBB759C-7E26-4339-A413-7DD1454EE5AE}.Debug|x86.Build.0 = Debug|Win32
		{9DBB759C-7E26-4339-A413-7DD1454EE5AE}.Release|Itanium.ActiveCfg = Release|x64
		{9DBB759C-7E26-4339-A413-7DD1454EE5AE}.Release|Itanium.Build.0 = Release|x64
		{9DBB759C-7E26-4339-A413-7DD1454EE5AE}.Release|x64.ActiveCfg = Release|x64
		{9DBB759C-7E26-4339-A413-7DD1454EE5AE}.Release|x64.Build.0 = Release|x64
		{9DBB759C-7E26-4339-A413-7DD1454EE5AE}.Release|x86.ActiveCfg = Release|Win32
		{9DBB759C-7E26-4339-A413-7DD1454EE5AE}.Release|x86.Build.0 = Release|Win32
		{9DBB759C-7E26-4339-A413-7DD1454EE5AE}.ReleaseWithoutAsm|Itanium.ActiveCfg = Release|x64
		{9DBB759C-7E26-4339-A413-7DD1454EE5AE}.ReleaseWithoutAsm|Itanium.Build.0 = Release|x64
		{9DBB759C-7E26-4339-A413-7DD1454EE5AE}.ReleaseWithoutAsm|x64.ActiveCfg = Release|x64
		{9DBB759C-7E26-4339-A413-7DD1454EE5AE}.ReleaseWithoutAsm|x64.Build.0 = Release|x64
		{9DBB759C-7E26-4339-A413-7DD1454EE5AE}.ReleaseWithoutAsm|x86.ActiveCfg = Release|Win32
		{9DBB759C-7E26-4339-A413-7DD1454EE5AE}.ReleaseWithoutAsm|x86.Build.0 = Release|Win32
		{9DBB759C-7E26-4339-A413-7DD1454EE5AE}.Trace|Itanium.ActiveCfg = Debug|x64
		{9DBB759C-7E26-4339-A413-7DD1454EE5AE}.Trace|Itanium.Build.0 = Debug|x64
		{9DBB759C-7E26-4339-A413-7DD1454EE5AE}.Trace|x64.ActiveCfg = Debug|x64
		{9DBB759C-7E26-4339-A413-7DD1454EE5AE}.Trace|x64.Build.0 = Debug|x64
		{9DBB759C-7E26-4339-A413-7DD1454EE5AE}.Trace|x86.ActiveCfg = Debug|Win32
		{9DBB759C-7E26-4339-A413-7DD1454EE5AE}.Trace|x86.Build.0 = Debug|Win32
		{2EAD4772-F534-4FEE-B2B3-76C73DE0B89A}.Debug|Itanium.ActiveCfg = Debug|x64
		{2EAD4772-F534-4FEE-B2B3-76C73DE0B89A}.Debug|Itanium.Build.0 = Debug|x64
		{2EAD4772-F534-4FEE-B2B3-76C73DE0B89A}.Debug|x64.ActiveCfg = Debug|x64
		{2EAD4772-F534-4FEE-B2B3-76C73DE0B89A}.Debug|x64.Build.0 = Debug|x64
		{2EAD4772-F534-4FEE-B2B3-76C73DE0B89A}.Debug|x86.ActiveCfg = Debug|Win32
		{2EAD4772-F534-4FEE-B2B3-76C73DE0B89A}.Debug|x86.Build.0 = Debug|Win32
		{2EAD4772-F534-4FEE-B2B3-76C73DE0B89A}.Release|Itanium.ActiveCfg = Release|x64
		{2EAD4772-F534-4FEE-B2B3-76C73DE0B89A}.Release|Itanium.Build.0 = Release|x64
		{2EAD4772-F534-4FEE-B2B3-76C73DE0B89A}.Release|x64.ActiveCfg = Release|x64
		{2EAD4772-F534-4FEE-B2B3-76C73DE0B89A}.Release|x64.Build.0 = Release|x64
		{2EAD4772-F534-4FEE-B2B3-76C73DE0B89A}.Release|x86.ActiveCfg = Release|Win32
		{2EAD4772-F534-4FEE-B2B3-76C73DE0B89A}.Release|x86.Build.0 = Release|Win32
		{2EAD4772-F534-4FEE-B2B3-76C73DE0B89A}.ReleaseWithoutAsm|Itanium.ActiveCfg = Release|x64
		{2EAD4772-F534-4FEE-B2B3-76C73DE0B89A}.ReleaseWithoutAsm|Itanium.Build.0 = Release|x64
		{2EAD4772-F534-4FEE-B2B3-76C73DE0B89A}.ReleaseWithoutAsm|x64.ActiveCfg = Release|x64
		{2EAD4772-F534-4FEE-B2B3-76C73DE0B89A}.ReleaseWithoutAsm|x64.Build.0 = Release|x64
		{2EAD4772-F534-4FEE-B2B3-76C73DE0B89A}.ReleaseWithoutAsm|x86.ActiveCfg = Release|Win32
		{2EAD4772-F534-4FEE-B2B3-76C73DE0B89A}.ReleaseWithoutAsm|x86.Build.0 = Release|Win32
		{2EAD4772-F534-4FEE-B2B3-76C73DE0B89A}.Trace|Itanium.ActiveCfg = Debug|x64
		{2EAD4772-F534-4FEE-B2B3-76C73DE0B89A}.Trace|Itanium.Build.0 = Debug|x64
		{2EAD4772-F534-4FEE-B2B3-76C73DE0B89A}.Trace|x64.ActiveCfg = Debug|x64
		{2EAD4772-F534-4FEE-B2B3-76C73DE0B89A}.Trace|x64.Build.0 = Debug|x64
		{2EAD4772-F534-4FEE-B2B3-76C73DE0B89A}.Trace|x86.ActiveCfg = Debug|Win32
		{2EAD4772-F534-4FEE-B2B3-76C73DE0B89A}.Trace|x86.Build.0 = Debug|Win32
		{EA8D632D-CA2E-4C03-8F2E-1BBEC1260A11}.Debug|Itanium.ActiveCfg = Debug|x64
		{EA8D632D-CA2E-4C03-8F2E-1BBEC1260A11}.Debug|Itanium.Build.0 = Debug|x64
		{EA8D632D-CA2E-4C03-8F2E-1BBEC1260A11}.Debug|x64.ActiveCfg = Debug|x64
		{EA8D632D-CA2E-4C03-8F2E-1BBEC1260A11}.Debug|x64.Build.0 = Debug|x64
		{EA8D632D-CA2E-4C03-8F2E-1BBEC1260A11}.Debug|x86.ActiveCfg = Debug|Win32
		{EA8D632D-CA2E-4C03-8F2E-1BBEC1260A11}.Debug|x86.Build.0 = Debug|Win32
		{EA8D632D-CA2E-4C03-8F2E-1BBEC1260A11}.Release|Itanium.ActiveCfg = Release|x64
		{EA8D632D-CA2E-4C03-8F2E-1BBEC1260A11}.Release|Itanium.Build.0 = Release|x64
		{EA8D632D-CA2E-4C03-8F2E-1BBEC1260A11}.Release|x64.ActiveCfg = Release|x64
		{EA8D632D-CA2E-4C03-8F2E-1BBEC1260A11}.Release|x64.Build.0 = Release|x64
		{EA8D632D-CA2E-4C03-8F2E-1BBEC1260A11}.Release|x86.ActiveCfg = Release|Win32
		{EA8D632D-CA2E-4C03-8F2E-1BBEC1260A11}.Release|x86.Build.0 = Release|Win32
		{EA8D632D-CA2E-4C03-8F2E-1BBEC1260A11}.ReleaseWithoutAsm|Itanium.ActiveCfg = Release|x64
		{EA8D632D-CA2E-4C03-8F2E-1BBEC1260A11}.ReleaseWithoutAsm|Itanium.Build.0 = Release|x64
		{EA8D632D-CA2E-4C03-8F2E-1BBEC1260A11}.ReleaseWithoutAsm|x64.ActiveCfg = Release|x64
		{EA8D632D-CA2E-4C03-8F2E-1BBEC1260A11}.ReleaseWithoutAsm|x64.Build.0 = Release|x64
		{EA8D632D-CA2E-4C03-8F2E-1BBEC1260A11}.ReleaseWithoutAsm|x86.ActiveCfg = Release|Win32
		{EA8D632D-CA2E-4C03-8F2E-1BBEC1260A11}.ReleaseWithoutAsm|x86.Build.0 = Release|Win32
		{EA8D632D-CA2E-4C03-8F2E-1BBEC1260A11}.Trace|Itanium.ActiveCfg = Debug|x64
		{EA8D632D-CA2E-4C03-8F2E-1BBEC1260A11}.Trace|Itanium.Build.0 = Debug|x64
		{EA8D632D-CA2E-4C03-8F2E-1BBEC1260A11}.Trace|x64.ActiveCfg = Debug|x64
		{EA8D632D-CA2E-4C03-8F2E-1BBEC1260A11}.Trace|x64.Build.0 = Debug|x64
		{EA8D632D-CA2E-4C03-8F2E-1BBEC1260A11}.Trace|x86.ActiveCfg = Debug|Win32
		{EA8D632D-CA2E-4C03-8F2E-1BBEC1260A11}.Trace|x86.Build.0 = Debug|Win32
		{00815563-D4CD-40C0-83E9-DC21C0024E70}.Debug|Itanium.ActiveCfg = Debug|x64
		{00815563-D4CD-40C0-83E9-DC21C0024E70}.Debug|Itanium.Build.0 = Debug|x64
		{00815563-D4CD-40C0-83E9-DC21C0024E70}.Debug|x64.ActiveCfg = Debug|x64
		{00815563-D4CD-40C0-83E9-DC21C0024E70}.Debug|x64.Build.0 = Debug|x64
		{00815563-D4CD-40C0-83E9-DC21C0024E70}.Debug|x86.ActiveCfg = Debug|Win32
		{00815563-D4CD-40C0-83E9-DC21C0024E70}.Debug|x86.Build.0 = Debug|Win32
		{00815563-D4CD-40C0-83E9-DC21C0024E70}.Release|Itanium.ActiveCfg = Release|x64
		{00815563-D4CD-40C0-83E9-DC21C0024E70}.Release|Itanium.Build.0 = Release|x64
		{00815563-D4CD-40C0-83E9-DC21C0024E70}.Release|x64.ActiveCfg = Release|x64
		{00815563-D4CD-40C0-83E9-DC21C0024E70}.Release|x64.Build.0 = Release|x64
		{00815563-D4CD-40C0-83E9-DC21C0024E70}.Release|x86.ActiveCfg = Release|Win32
		{00815563-D4CD-40C0-83E9-DC21C0024E70}.Release|x86.Build.0 = Release|Win32
		{00815563-D4CD-40C0-83E9-DC21C0024E70}.ReleaseWithoutAsm|Itanium.ActiveCfg = Release|x64
		{00815563-D4CD-40C0-83E9-DC21C0024E70}.ReleaseWithoutAsm|Itanium.Build.0 = Release|x64
		{00815563-D4CD-40C0-83E9-DC21C0024E70}.ReleaseWithoutAsm|x64.ActiveCfg = Release|x64
		{00815563-D4CD-40C0-83E9-DC21C0024E70}.ReleaseWithoutAsm|x64.Build.0 = Release|x64
		{00815563-D4CD-40C0-83E9-DC21C0024E70}.ReleaseWithoutAsm|x86.ActiveCfg = Release|Win32
		{00815563-D4CD-40C0-83E9-DC21C0024E70}.ReleaseWithoutAsm|x86.Build.0 = Release|Win32
		{00815563-D4CD-40C0-83E9-DC21C0024E70}.Trace|Itanium.ActiveCfg = Debug|x64
		{00815563-D4CD-40C0-83E9-DC21C0024E70}.Trace|Itanium.Build.0 = Debug|x64
		{00815563-D4CD-40C0-83E9-DC21C0024E70}.Trace|x64.ActiveCfg = Debug|x64
		{00815563-D4CD-40C0-83E9-DC21C0024E70}.Trace|x64.Build.0 = Debug|x64
		{00815563-D4CD-40C0-83E9-DC21C0024E70}.Trace|x86.ActiveCfg = Debug|Win32
		{00815563-D4CD-40C0-83E9-DC21C0024E70}.Trace|x86.Build.0 = Debug|Win32
		{C7D66FCE-6E85-4F03-9C35-200F53F37800}.Debug|Itanium.ActiveCfg = Debug|x64
		{C7D66FCE-6E85-4F03-9C35-200F53F37800}.Debug|Itanium.Build.0 = Debug|x64
		{C7D66FCE-6E85-4F03-9C35-200F53F37800}.Debug|x64.ActiveCfg = Debug|x64
		{C7D66FCE-6E85-4F03-9C35-200F53F37800}.Debug|x64.Build.0 = Debug|x64
		{C7D66FCE-6E85-4F03-9C35-200F53F37800}.Debug|x86.ActiveCfg = Debug|Win32
		{C7D66FCE-6E85-4F03-9C35-200F53F37800}.Debug|x86.Build.0 = Debug|Win32
		{C7D66FCE-6E85-4F03-9C35-200F53F37800}.Release|Itanium.ActiveCfg = Release|x64
		{C7D66FCE-6E85-4F03-9C35-200F53F37800}.Release|Itanium.Build.0 = Release|x64
		{C7D66FCE-6E85-4F03-9C35-200F53F37800}.Release|x64.ActiveCfg = Release|x64
		{C7D66FCE-6E85-4F03-9C35-200F53F37800}.Release|x64.Build.0 = Release|x64
		{C7D66FCE-6E85-4F03-9C35-200F53F37800}.Release|x86.ActiveCfg = Release|Win32
		{C7D66FCE-6E85-4F03-9C35-200F53F37800}.Release|x86.Build.0 = Release|Win32
		{C7D66FCE-6E85-4F03-9C35-200F53F37800}.ReleaseWithoutAsm|Itanium.ActiveCfg = Release|x64
		{C7D66FCE-6E85-4F03-9C35-200F53F37800}.ReleaseWithoutAsm|Itanium.Build.0 = Release|x64
		{C7D66FCE-6E85-4F03-9C35-200F53F37800}.ReleaseWithoutAsm|x64.ActiveCfg = Release|x64
		{C7D66FCE-6E85-4F03-9C35-200F53F37800}.ReleaseWithoutAsm|x64.Build.0 = Release|x64
		{C7D66FCE-6E85-4F03-9C35-200F53F37800}.ReleaseWithoutAsm|x86.ActiveCfg = Release|Win32
		{C7D66FCE-6E85-4F03-9C35-200F53F37800}.ReleaseWithoutAsm|x86.Build.0 = Release|Win32
		{C7D66FCE-6E85-4F03-9C35-200F53F37800}.Trace|Itanium.ActiveCfg = Debug|x64
		{C7D66FCE-6E85-4F03-9C35-200F53F37800}.Trace|Itanium.Build.0 = Debug|x64
		{C7D66FCE-6E85-4F03-9C35-200F53F37800}.Trace|x64.ActiveCfg = Debug|x64
		{C7D66FCE-6E85-4F03-9C35-200F53F37800}.Trace|x64.Build.0 = Debug|x64
		{C7D66FCE-6E85-4F03-9C35-200F53F37800}.Trace|x86.ActiveCfg = Debug|Win32
		{C7D66FCE-6E85-4F03-9C35-200F53F37800}.Trace|x86.Build.0 = Debug|Win32
		{DDB0E247-00F9-47E3-9A10-3E357DE0BB9F}.Debug|Itanium.ActiveCfg = Debug|x64
		{DDB0E247-00F9-47E3-9A10-3E357DE0BB9F}.Debug|Itanium.Build.0 = Debug|x64
		{DDB0E247-00F9-47E3-9A10-3E357DE0BB9F}.Debug|x64.ActiveCfg = Debug|x64
		{DDB0E247-00F9-47E3-9A10-3E357DE0BB9F}.Debug|x64.Build.0 = Debug|x64
		{DDB0E247-00F9-47E3-9A10-3E357DE0BB9F}.Debug|x86.ActiveCfg = Debug|Win32
		{DDB0E247-00F9-47E3-9A10-3E357DE0BB9F}.Debug|x86.Build.0 = Debug|Win32
		{DDB0E247-00F9-47E3-9A10-3E357DE0BB9F}.Release|Itanium.ActiveCfg = Release|x64
		{DDB0E247-00F9-47E3-9A10-3E357DE0BB9F}.Release|Itanium.Build.0 = Release|x64
		{DDB0E247-00F9-47E3-9A10-3E357DE0BB9F}.Release|x64.ActiveCfg = Release|x64
		{DDB0E247-00F9-47E3-9A10-3E357DE0BB9F}.Release|x64.Build.0 = Release|x64
		{DDB0E247-00F9-47E3-9A10-3E357DE0BB9F}.Release|x86.ActiveCfg = Release|Win32
		{DDB0E247-00F9-47E3-9A10-3E357DE0BB9F}.Release|x86.Build.0 = Release|Win32
		{DDB0E247-00F9-47E3-9A10-3E357DE0BB9F}.ReleaseWithoutAsm|Itanium.ActiveCfg = Release|x64
		{DDB0E247-00F9-47E3-9A10-3E357DE0BB9F}.ReleaseWithoutAsm|Itanium.Build.0 = Release|x64
		{DDB0E247-00F9-47E3-9A10-3E357DE0BB9F}.ReleaseWithoutAsm|x64.ActiveCfg = Release|x64
		{DDB0E247-00F9-47E3-9A10-3E357DE0BB9F}.ReleaseWithoutAsm|x64.Build.0 = Release|x64
		{DDB0E247-00F9-47E3-9A10-3E357DE0BB9F}.ReleaseWithoutAsm|x86.ActiveCfg = Release|Win32
		{DDB0E247-00F9-47E3-9A10-3E357DE0BB9F}.ReleaseWithoutAsm|x86.Build.0 = Release|Win32
		{DDB0E247-00F9-47E3-9A10-3E357DE0BB9F}.Trace|Itanium.ActiveCfg = Debug|x64
		{DDB0E247-00F9-47E3-9A10-3E357DE0BB9F}.Trace|Itanium.Build.0 = Debug|x64
		{DDB0E247-00F9-47E3-9A10-3E357DE0BB9F}.Trace|x64.ActiveCfg = Debug|x64
		{DDB0E247-00F9-47E3-9A10-3E357DE0BB9F}.Trace|x64.Build.0 = Debug|x64
		{DDB0E247-00F9-47E3-9A10-3E357DE0BB9F}.Trace|x86.ActiveCfg = Debug|Win32
		{DDB0E247-00F9-47E3-9A10-3E357DE0BB9F}.Trace|x86.Build.0 = Debug|Win32
		{3908ECF0-3A6B-4A1A-9A0E-5F872C88260F}.Debug|Itanium.ActiveCfg = Debug|x64
		{3908ECF0-3A6B-4A1A-9A0E-5F872C88260F}.Debug|Itanium.Build.0 = Debug|x64
		{3908ECF0-3A6B-4A1A-9A0E-5F872C88260F}.Debug|x64.ActiveCfg = Debug|x64
		{3908ECF0-3A6B-4A1A-9A0E-5F872C88260F}.Debug|x64.Build.0 = Debug|x64
		{3908ECF0-3A6B-4A1A-9A0E-5F872C88260F}.Debug|x86.ActiveCfg = Debug|Win32
		{3908ECF0-3A6B-4A1A-9A0E-5F872C88260F}.Debug|x86.Build.0 = Debug|Win32
		{3908ECF0-3A6B-4A1A-9A0E-5F872C88260F}.Release|Itanium.ActiveCfg = Release|x64
		{3908ECF0-3A6B-4A1A-9A0E-5F872C88260F}.Release|Itanium.Build.0 = Release|x64
		{3908ECF0-3A6B-4A1A-9A0E-5F872C88260F}.Release|x64.ActiveCfg = Release|x64
		{3908ECF0-3A6B-4A1A-9A0E-5F872C88260F}.Release|x64.Build.0 = Release|x64
		{3908ECF0-3A6B-4A1A-9A0E-5F872C88260F}.Release|x86.ActiveCfg = Release|Win32
		{3908ECF0-3A6B-4A1A-9A0E-5F872C88260F}.Release|x86.Build.0 = Release|Win32
		{3908ECF0-3A6B-4A1A-9A0E-5F872C88260F}.ReleaseWithoutAsm|Itanium.ActiveCfg = Release|x64
		{3908ECF0-3A6B-4A1A-9A0E-5F872C88260F}.ReleaseWithoutAsm|Itanium.Build.0 = Release|x64
		{3908ECF0-3A6B-4A1A-9A0E-5F872C88260F}.ReleaseWithoutAsm|x64.ActiveCfg = Release|x64
		{3908ECF0-3A6B-4A1A-9A0E-5F872C88260F}.ReleaseWithoutAsm|x64.Build.0 = Release|x64
		{3908ECF0-3A6B-4A1A-9A0E-5F872C88260F}.ReleaseWithoutAsm|x86.ActiveCfg = Release|Win32
		{3908ECF0-3A6B-4A1A-9A0E-5F872C88260F}.ReleaseWithoutAsm|x86.Build.0 = Release|Win32
		{3908ECF0-3A6B-4A1A-9A0E-5F872C88260F}.Trace|Itanium.ActiveCfg = Debug|x64
		{3908ECF0-3A6B-4A1A-9A0E-5F872C88260F}.Trace|Itanium.Build.0 = Debug|x64
		{3908ECF0-3A6B-4A1A-9A0E-5F872C88260F}.Trace|x64.ActiveCfg = Debug|x64
		{3908ECF0-3A6B-4A1A-9A0E-5F872C88260F}.Trace|x64.Build.0 = Debug|x64
		{3908ECF0-3A6B-4A1A-9A0E-5F872C88260F}.Trace|x86.ActiveCfg = Debug|Win32
		{3908ECF0-3A6B-4A1A-9A0E-5F872C88260F}.Trace|x86.Build.0 = Debug|Win32
		{9F65CD05-E432-4372-B191-5E1A4691AECD}.Debug|Itanium.ActiveCfg = Debug|x64
		{9F65CD05-E432-4372-B191-5E1A4691AECD}.Debug|Itanium.Build.0 = Debug|x64
		{9F65CD05-E432-4372-B191-5E1A4691AECD}.Debug|x64.ActiveCfg = Debug|x64
		{9F65CD05-E432-4372-B191-5E1A4691AECD}.Debug|x64.Build.0 = Debug|x64
		{9F65CD05-E432-4372-B191-5E1A4691AECD}.Debug|x86.ActiveCfg = Debug|Win32
		{9F65CD05-E432-4372-B191-5E1A4691AECD}.Debug|x86.Build.0 = Debug|Win32
		{9F65CD05-E432-4372-B191-5E1A4691AECD}.Release|Itanium.ActiveCfg = Release|x64
		{9F65CD05-E432-4372-B191-5E1A4691AECD}.Release|Itanium.Build.0 = Release|x64
		{9F65CD05-E432-4372-B191-5E1A4691AECD}.Release|x64.ActiveCfg = Release|x64
		{9F65CD05-E432-4372-B191-5E1A4691AECD}.Release|x64.Build.0 = Release|x64
		{9F65CD05-E432-4372-B191-5E1A4691AECD}.Release|x86.ActiveCfg = Release|Win32
		{9F65CD05-E432-4372-B191-5E1A4691AECD}.Release|x86.Build.0 = Release|Win32
		{9F65CD05-E432-4372-B191-5E1A4691AECD}.ReleaseWithoutAsm|Itanium.ActiveCfg = Release|x64
		{9F65CD05-E432-4372-B191-5E1A4691AECD}.ReleaseWithoutAsm|Itanium.Build.0 = Release|x64
		{9F65CD05-E432-4372-B191-5E1A4691AECD}.ReleaseWithoutAsm|x64.ActiveCfg = Release|x64
		{9F65CD05-E432-4372-B191-5E1A4691AECD}.ReleaseWithoutAsm|x64.Build.0 = Release|x64
		{9F65CD05-E432-4372-B191-5E1A4691AECD}.ReleaseWithoutAsm|x86.ActiveCfg = Release|Win32
		{9F65CD05-E432-4372-B191-5E1A4691AECD}.ReleaseWithoutAsm|x86.Build.0 = Release|Win32
		{9F65CD05-E432-4372-B191-5E1A4691AECD}.Trace|Itanium.ActiveCfg = Debug|x64
		{9F65CD05-E432-4372-B191-5E1A4691AECD}.Trace|Itanium.Build.0 = Debug|x64
		{9F65CD05-E432-4372-B191-5E1A4691AECD}.Trace|x64.ActiveCfg = Debug|x64
		{9F65CD05-E432-4372-B191-5E1A4691AECD}.Trace|x64.Build.0 = Debug|x64
		{9F65CD05-E432-4372-B191-5E1A4691AECD}.Trace|x86.ActiveCfg = Debug|Win32
		{9F65CD05-E432-4372-B191-5E1A4691AECD}.Trace|x86.Build.0 = Debug|Win32
		{A2ABD336-9F9B-4BDF-9A5B-D275C5C06408}.Debug|Itanium.ActiveCfg = Debug|x64
		{A2ABD336-9F9B-4BDF-9A5B-D275C5C06408}.Debug|Itanium.Build.0 = Debug|x64
		{A2ABD336-9F9B-4BDF-9A5B-D275C5C06408}.Debug|x64.ActiveCfg = Debug|x64
		{A2ABD336-9F9B-4BDF-9A5B-D275C5C06408}.Debug|x64.Build.0 = Debug|x64
		{A2ABD336-9F9B-4BDF-9A5B-D275C5C06408}.Debug|x86.ActiveCfg = Debug|Win32
		{A2ABD336-9F9B-4BDF-9A5B-D275C5C06408}.Debug|x86.Build.0 = Debug|Win32
		{A2ABD336-9F9B-4BDF-9A5B-D275C5C06408}.Release|Itanium.ActiveCfg = Release|x64
		{A2ABD336-9F9B-4BDF-9A5B-D275C5C06408}.Release|Itanium.Build.0 = Release|x64
		{A2ABD336-9F9B-4BDF-9A5B-D275C5C06408}.Release|x64.ActiveCfg = Release|x64
		{A2ABD336-9F9B-4BDF-9A5B-D275C5C06408}.Release|x64.Build.0 = Release|x64
		{A2ABD336-9F9B-4BDF-9A5B-D275C5C06408}.Release|x86.ActiveCfg = Release|Win32
		{A2ABD336-9F9B-4BDF-9A5B-D275C5C06408}.Release|x86.Build.0 = Release|Win32
		{A2ABD336-9F9B-4BDF-9A5B-D275C5C06408}.ReleaseWithoutAsm|Itanium.ActiveCfg = Release|x64
		{A2ABD336-9F9B-4BDF-9A5B-D275C5C06408}.ReleaseWithoutAsm|Itanium.Build.0 = Release|x64
		{A2ABD336-9F9B-4BDF-9A5B-D275C5C06408}.ReleaseWithoutAsm|x64.ActiveCfg = Release|x64
		{A2ABD336-9F9B-4BDF-9A5B-D275C5C06408}.ReleaseWithoutAsm|x64.Build.0 = Release|x64
		{A2ABD336-9F9B-4BDF-9A5B-D275C5C06408}.ReleaseWithoutAsm|x86.ActiveCfg = Release|Win32
		{A2ABD336-9F9B-4BDF-9A5B-D275C5C06408}.ReleaseWithoutAsm|x86.Build.0 = Release|Win32
		{A2ABD336-9F9B-4BDF-9A5B-D275C5C06408}.Trace|Itanium.ActiveCfg = Debug|x64
		{A2ABD336-9F9B-4BDF-9A5B-D275C5C06408}.Trace|Itanium.Build.0 = Debug|x64
		{A2ABD336-9F9B-4BDF-9A5B-D275C5C06408}.Trace|x64.ActiveCfg = Debug|x64
		{A2ABD336-9F9B-4BDF-9A5B-D275C5C06408}.Trace|x64.Build.0 = Debug|x64
		{A2ABD336-9F9B-4BDF-9A5B-D275C5C06408}.Trace|x86.ActiveCfg = Debug|Win32
		{A2ABD336-9F9B-4BDF-9A5B-D275C5C06408}.Trace|x86.Build.0 = Debug|Win32
		{ADA5D2E5-5404-4C0B-A9CA-2ACC7AA07CA4}.Debug|Itanium.ActiveCfg = Debug|x64
		{ADA5D2E5-5404-4C0B-A9CA-2ACC7AA07CA4}.Debug|Itanium.Build.0 = Debug|x64
		{ADA5D2E5-5404-4C0B-A9CA-2ACC7AA07CA4}.Debug|x64.ActiveCfg = Debug|x64
		{ADA5D2E5-5404-4C0B-A9CA-2ACC7AA07CA4}.Debug|x64.Build.0 = Debug|x64
		{ADA5D2E5-5404-4C0B-A9CA-2ACC7AA07CA4}.Debug|x86.ActiveCfg = Debug|Win32
		{ADA5D2E5-5404-4C0B-A9CA-2ACC7AA07CA4}.Debug|x86.Build.0 = Debug|Win32
		{ADA5D2E5-5404-4C0B-A9CA-2ACC7AA07CA4}.Release|Itanium.ActiveCfg = Release|x64
		{ADA5D2E5-5404-4C0B-A9CA-2ACC7AA07CA4}.Release|Itanium.Build.0 = Release|x64
		{ADA5D2E5-5404-4C0B-A9CA-2ACC7AA07CA4}.Release|x64.ActiveCfg = Release|x64
		{ADA5D2E5-5404-4C0B-A9CA-2ACC7AA07CA4}.Release|x64.Build.0 = Release|x64
		{ADA5D2E5-5404-4C0B-A9CA-2ACC7AA07CA4}.Release|x86.ActiveCfg = Release|Win32
		{ADA5D2E5-5404-4C0B-A9CA-2ACC7AA07CA4}.Release|x86.Build.0 = Release|Win32
		{ADA5D2E5-5404-4C0B-A9CA-2ACC7AA07CA4}.ReleaseWithoutAsm|Itanium.ActiveCfg = Release|x64
		{ADA5D2E5-5404-4C0B-A9CA-2ACC7AA07CA4}.ReleaseWithoutAsm|Itanium.Build.0 = Release|x64
		{ADA5D2E5-5404-4C0B-A9CA-2ACC7AA07CA4}.ReleaseWithoutAsm|x64.ActiveCfg = Release|x64
		{ADA5D2E5-5404-4C0B-A9CA-2ACC7AA07CA4}.ReleaseWithoutAsm|x64.Build.0 = Release|x64
		{ADA5D2E5-5404-4C0B-A9CA-2ACC7AA07CA4}.ReleaseWithoutAsm|x86.ActiveCfg = Release|Win32
		{ADA5D2E5-5404-4C0B-A9CA-2ACC7AA07CA4}.ReleaseWithoutAsm|x86.Build.0 = Release|Win32
		{ADA5D2E5-5404-4C0B-A9CA-2ACC7AA07CA4}.Trace|Itanium.ActiveCfg = Debug|x64
		{ADA5D2E5-5404-4C0B-A9CA-2ACC7AA07CA4}.Trace|Itanium.Build.0 = Debug|x64
		{ADA5D2E5-5404-4C0B-A9CA-2ACC7AA07CA4}.Trace|x64.ActiveCfg = Debug|x64
		{ADA5D2E5-5404-4C0B-A9CA-2ACC7AA07CA4}.Trace|x64.Build.0 = Debug|x64
		{ADA5D2E5-5404-4C0B-A9CA-2ACC7AA07CA4}.Trace|x86.ActiveCfg = Debug|Win32
		{ADA5D2E5-5404-4C0B-A9CA-2ACC7AA07CA4}.Trace|x86.Build.0 = Debug|Win32
		{2331E322-1FD9-4078-9A4A-3C0BD5C50C43}.Debug|Itanium.ActiveCfg = Debug|x64
		{2331E322-1FD9-4078-9A4A-3C0BD5C50C43}.Debug|Itanium.Build.0 = Debug|x64
		{2331E322-1FD9-4078-9A4A-3C0BD5C50C43}.Debug|x64.ActiveCfg = Debug|x64
		{2331E322-1FD9-4078-9A4A-3C0BD5C50C43}.Debug|x64.Build.0 = Debug|x64
		{2331E322-1FD9-4078-9A4A-3C0BD5C50C43}.Debug|x86.ActiveCfg = Debug|Win32
		{2331E322-1FD9-4078-9A4A-3C0BD5C50C43}.Debug|x86.Build.0 = Debug|Win32
		{2331E322-1FD9-4078-9A4A-3C0BD5C50C43}.Release|Itanium.ActiveCfg = Release|x64
		{2331E322-1FD9-4078-9A4A-3C0BD5C50C43}.Release|Itanium.Build.0 = Release|x64
		{2331E322-1FD9-4078-9A4A-3C0BD5C50C43}.Release|x64.ActiveCfg = Release|x64
		{2331E322-1FD9-4078-9A4A-3C0BD5C50C43}.Release|x64.Build.0 = Release|x64
		{2331E322-1FD9-4078-9A4A-3C0BD5C50C43}.Release|x86.ActiveCfg = Release|Win32
		{2331E322-1FD9-4078-9A4A-3C0BD5C50C43}.Release|x86.Build.0 = Release|Win32
		{2331E322-1FD9-4078-9A4A-3C0BD5C50C43}.ReleaseWithoutAsm|Itanium.ActiveCfg = Release|x64
		{2331E322-1FD9-4078-9A4A-3C0BD5C50C43}.ReleaseWithoutAsm|Itanium.Build.0 = Release|x64
		{2331E322-1FD9-4078-9A4A-3C0BD5C50C43}.ReleaseWithoutAsm|x64.ActiveCfg = Release|x64
		{2331E322-1FD9-4078-9A4A-3C0BD5C50C43}.ReleaseWithoutAsm|x64.Build.0 = Release|x64
		{2331E322-1FD9-4078-9A4A-3C0BD5C50C43}.ReleaseWithoutAsm|x86.ActiveCfg = Release|Win32
		{2331E322-1FD9-4078-9A4A-3C0BD5C50C43}.ReleaseWithoutAsm|x86.Build.0 = Release|Win32
		{2331E322-1FD9-4078-9A4A-3C0BD5C50C43}.Trace|Itanium.ActiveCfg = Debug|x64
		{2331E322-1FD9-4078-9A4A-3C0BD5C50C43}.Trace|Itanium.Build.0 = Debug|x64
		{2331E322-1FD9-4078-9A4A-3C0BD5C50C43}.Trace|x64.ActiveCfg = Debug|x64
		{2331E322-1FD9-4078-9A4A-3C0BD5C50C43}.Trace|x64.Build.0 = Debug|x64
		{2331E322-1FD9-4078-9A4A-3C0BD5C50C43}.Trace|x86.ActiveCfg = Debug|Win32
		{2331E322-1FD9-4078-9A4A-3C0BD5C50C43}.Trace|x86.Build.0 = Debug|Win32
		{48B54A5A-3058-488B-BAFC-022750421339}.Debug|Itanium.ActiveCfg = Debug|x64
		{48B54A5A-3058-488B-BAFC-022750421339}.Debug|Itanium.Build.0 = Debug|x64
		{48B54A5A-3058-488B-BAFC-022750421339}.Debug|x64.ActiveCfg = Debug|x64
		{48B54A5A-3058-488B-BAFC-022750421339}.Debug|x64.Build.0 = Debug|x64
		{48B54A5A-3058-488B-BAFC-022750421339}.Debug|x86.ActiveCfg = Debug|Win32
		{48B54A5A-3058-488B-BAFC-022750421339}.Debug|x86.Build.0 = Debug|Win32
		{48B54A5A-3058-488B-BAFC-022750421339}.Release|Itanium.ActiveCfg = Release|x64
		{48B54A5A-3058-488B-BAFC-022750421339}.Release|Itanium.Build.0 = Release|x64
		{48B54A5A-3058-488B-BAFC-022750421339}.Release|x64.ActiveCfg = Release|x64
		{48B54A5A-3058-488B-BAFC-022750421339}.Release|x64.Build.0 = Release|x64
		{48B54A5A-3058-488B-BAFC-022750421339}.Release|x86.ActiveCfg = Release|Win32
		{48B54A5A-3058-488B-BAFC-022750421339}.Release|x86.Build.0 = Release|Win32
		{48B54A5A-3058-488B-BAFC-022750421339}.ReleaseWithoutAsm|Itanium.ActiveCfg = Release|x64
		{48B54A5A-3058-488B-BAFC-022750421339}.ReleaseWithoutAsm|Itanium.Build.0 = Release|x64
		{48B54A5A-3058-488B-BAFC-022750421339}.ReleaseWithoutAsm|x64.ActiveCfg = Release|x64
		{48B54A5A-3058-488B-BAFC-022750421339}.ReleaseWithoutAsm|x64.Build.0 = Release|x64
		{48B54A5A-3058-488B-BAFC-022750421339}.ReleaseWithoutAsm|x86.ActiveCfg = Release|Win32
		{48B54A5A-3058-488B-BAFC-022750421339}.ReleaseWithoutAsm|x86.Build.0 = Release|Win32
		{48B54A5A-3058-488B-BAFC-022750421339}.Trace|Itanium.ActiveCfg = Debug|x64
		{48B54A5A-3058-488B-BAFC-022750421339}.Trace|Itanium.Build.0 = Debug|x64
		{48B54A5A-3058-488B-BAFC-022750421339}.Trace|x64.ActiveCfg = Debug|x64
		{48B54A5A-3058-488B-BAFC-022750421339}.Trace|x64.Build.0 = Debug|x64
		{48B54A5A-3058-488B-BAFC-022750421339}.Trace|x86.ActiveCfg = Debug|Win32
		{48B54A5A-3058-488B-BAFC-022750421339}.Trace|x86.Build.0 = Debug|Win32
		{D1ACF7F7-00CB-40B9-8F7A-3A68A60AAF01}.Debug|Itanium.ActiveCfg = Debug|x64
		{D1ACF7F7-00CB-40B9-8F7A-3A68A60AAF01}.Debug|Itanium.Build.0 = Debug|x64
		{D1ACF7F7-00CB-40B9-8F7A-3A68A60AAF01}.Debug|x64.ActiveCfg = Debug|x64
		{D1ACF7F7-00CB-40B9-8F7A-3A68A60AAF01}.Debug|x64.Build.0 = Debug|x64
		{D1ACF7F7-00CB-40B9-8F7A-3A68A60AAF01}.Debug|x86.ActiveCfg = Debug|Win32
		{D1ACF7F7-00CB-40B9-8F7A-3A68A60AAF01}.Debug|x86.Build.0 = Debug|Win32
		{D1ACF7F7-00CB-40B9-8F7A-3A68A60AAF01}.Release|Itanium.ActiveCfg = Release|x64
		{D1ACF7F7-00CB-40B9-8F7A-3A68A60AAF01}.Release|Itanium.Build.0 = Release|x64
		{D1ACF7F7-00CB-40B9-8F7A-3A68A60AAF01}.Release|x64.ActiveCfg = Release|x64
		{D1ACF7F7-00CB-40B9-8F7A-3A68A60AAF01}.Release|x64.Build.0 = Release|x64
		{D1ACF7F7-00CB-40B9-8F7A-3A68A60AAF01}.Release|x86.ActiveCfg = Release|Win32
		{D1ACF7F7-00CB-40B9-8F7A-3A68A60AAF01}.Release|x86.Build.0 = Release|Win32
		{D1ACF7F7-00CB-40B9-8F7A-3A68A60AAF01}.ReleaseWithoutAsm|Itanium.ActiveCfg = Release|x64
		{D1ACF7F7-00CB-40B9-8F7A-3A68A60AAF01}.ReleaseWithoutAsm|Itanium.Build.0 = Release|x64
		{D1ACF7F7-00CB-40B9-8F7A-3A68A60AAF01}.ReleaseWithoutAsm|x64.ActiveCfg = Release|x64
		{D1ACF7F7-00CB-40B9-8F7A-3A68A60AAF01}.ReleaseWithoutAsm|x64.Build.0 = Release|x64
		{D1ACF7F7-00CB-40B9-8F7A-3A68A60AAF01}.ReleaseWithoutAsm|x86.ActiveCfg = Release|Win32
		{D1ACF7F7-00CB-40B9-8F7A-3A68A60AAF01}.ReleaseWithoutAsm|x86.Build.0 = Release|Win32
		{D1ACF7F7-00CB-40B9-8F7A-3A68A60AAF01}.Trace|Itanium.ActiveCfg = Debug|x64
		{D1ACF7F7-00CB-40B9-8F7A-3A68A60AAF01}.Trace|Itanium.Build.0 = Debug|x64
		{D1ACF7F7-00CB-40B9-8F7A-3A68A60AAF01}.Trace|x64.ActiveCfg = Debug|x64
		{D1ACF7F7-00CB-40B9-8F7A-3A68A60AAF01}.Trace|x64.Build.0 = Debug|x64
		{D1ACF7F7-00CB-40B9-8F7A-3A68A60AAF01}.Trace|x86.ActiveCfg = Debug|Win32
		{D1ACF7F7-00CB-40B9-8F7A-3A68A60AAF01}.Trace|x86.Build.0 = Debug|Win32
		{444521B3-56C2-4BEC-8DD2-AA1176D4C18F}.Debug|Itanium.ActiveCfg = Debug|x64
		{444521B3-56C2-4BEC-8DD2-AA1176D4C18F}.Debug|Itanium.Build.0 = Debug|x64
		{444521B3-56C2-4BEC-8DD2-AA1176D4C18F}.Debug|x64.ActiveCfg = Debug|x64
		{444521B3-56C2-4BEC-8DD2-AA1176D4C18F}.Debug|x64.Build.0 = Debug|x64
		{444521B3-56C2-4BEC-8DD2-AA1176D4C18F}.Debug|x86.ActiveCfg = Debug|Win32
		{444521B3-56C2-4BEC-8DD2-AA1176D4C18F}.Debug|x86.Build.0 = Debug|Win32
		{444521B3-56C2-4BEC-8DD2-AA1176D4C18F}.Release|Itanium.ActiveCfg = Release|x64
		{444521B3-56C2-4BEC-8DD2-AA1176D4C18F}.Release|Itanium.Build.0 = Release|x64
		{444521B3-56C2-4BEC-8DD2-AA1176D4C18F}.Release|x64.ActiveCfg = Release|x64
		{444521B3-56C2-4BEC-8DD2-AA1176D4C18F}.Release|x64.Build.0 = Release|x64
		{444521B3-56C2-4BEC-8DD2-AA1176D4C18F}.Release|x86.ActiveCfg = Release|Win32
		{444521B3-56C2-4BEC-8DD2-AA1176D4C18F}.Release|x86.Build.0 = Release|Win32
		{444521B3-56C2-4BEC-8DD2-AA1176D4C18F}.ReleaseWithoutAsm|Itanium.ActiveCfg = Release|x64
		{444521B3-56C2-4BEC-8DD2-AA1176D4C18F}.ReleaseWithoutAsm|Itanium.Build.0 = Release|x64
		{444521B3-56C2-4BEC-8DD2-AA1176D4C18F}.ReleaseWithoutAsm|x64.ActiveCfg = Release|x64
		{444521B3-56C2-4BEC-8DD2-AA1176D4C18F}.ReleaseWithoutAsm|x64.Build.0 = Release|x64
		{444521B3-56C2-4BEC-8DD2-AA1176D4C18F}.ReleaseWithoutAsm|x86.ActiveCfg = Release|Win32
		{444521B3-56C2-4BEC-8DD2-AA1176D4C18F}.ReleaseWithoutAsm|x86.Build.0 = Release|Win32
		{444521B3-56C2-4BEC-8DD2-AA1176D4C18F}.Trace|Itanium.ActiveCfg = Debug|x64
		{444521B3-56C2-4BEC-8DD2-AA1176D4C18F}.Trace|Itanium.Build.0 = Debug|x64
		{444521B3-56C2-4BEC-8DD2-AA1176D4C18F}.Trace|x64.ActiveCfg = Debug|x64
		{444521B3-56C2-4BEC-8DD2-AA1176D4C18F}.Trace|x64.Build.0 = Debug|x64
		{444521B3-56C2-4BEC-8DD2-AA1176D4C18F}.Trace|x86.ActiveCfg = Debug|Win32
		{444521B3-56C2-4BEC-8DD2-AA1176D4C18F}.Trace|x86.Build.0 = Debug|Win32
		{1EBB219E-4F8E-44CF-BAD0-D2A37C6D5B5C}.Debug|Itanium.ActiveCfg = Debug|x64
		{1EBB219E-4F8E-44CF-BAD0-D2A37C6D5B5C}.Debug|Itanium.Build.0 = Debug|x64
		{1EBB219E-4F8E-44CF-BAD0-D2A37C6D5B5C}.Debug|x64.ActiveCfg = Debug|x64
		{1EBB219E-4F8E-44CF-BAD0-D2A37C6D5B5C}.Debug|x64.Build.0 = Debug|x64
		{1EBB219E-4F8E-44CF-BAD0-D2A37C6D5B5C}.Debug|x86.ActiveCfg = Debug|Win32
		{1EBB219E-4F8E-44CF-BAD0-D2A37C6D5B5C}.Debug|x86.Build.0 = Debug|Win32
		{1EBB219E-4F8E-44CF-BAD0-D2A37C6D5B5C}.Release|Itanium.ActiveCfg = Release|x64
		{1EBB219E-4F8E-44CF-BAD0-D2A37C6D5B5C}.Release|Itanium.Build.0 = Release|x64
		{1EBB219E-4F8E-44CF-BAD0-D2A37C6D5B5C}.Release|x64.ActiveCfg = Release|x64
		{1EBB219E-4F8E-44CF-BAD0-D2A37C6D5B5C}.Release|x64.Build.0 = Release|x64
		{1EBB219E-4F8E-44CF-BAD0-D2A37C6D5B5C}.Release|x86.ActiveCfg = Release|Win32
		{1EBB219E-4F8E-44CF-BAD0-D2A37C6D5B5C}.Release|x86.Build.0 = Release|Win32
		{1EBB219E-4F8E-44CF-BAD0-D2A37C6D5B5C}.ReleaseWithoutAsm|Itanium.ActiveCfg = Release|x64
		{1EBB219E-4F8E-44CF-BAD0-D2A37C6D5B5C}.ReleaseWithoutAsm|Itanium.Build.0 = Release|x64
		{1EBB219E-4F8E-44CF-BAD0-D2A37C6D5B5C}.ReleaseWithoutAsm|x64.ActiveCfg = Release|x64
		{1EBB219E-4F8E-44CF-BAD0-D2A37C6D5B5C}.ReleaseWithoutAsm|x64.Build.0 = Release|x64
		{1EBB219E-4F8E-44CF-BAD0-D2A37C6D5B5C}.ReleaseWithoutAsm|x86.ActiveCfg = Release|Win32
		{1EBB219E-4F8E-44CF-BAD0-D2A37C6D5B5C}.ReleaseWithoutAsm|x86.Build.0 = Release|Win32
		{1EBB219E-4F8E-44CF-BAD0-D2A37C6D5B5C}.Trace|Itanium.ActiveCfg = Debug|x64
		{1EBB219E-4F8E-44CF-BAD0-D2A37C6D5B5C}.Trace|Itanium.Build.0 = Debug|x64
		{1EBB219E-4F8E-44CF-BAD0-D2A37C6D5B5C}.Trace|x64.ActiveCfg = Debug|x64
		{1EBB219E-4F8E-44CF-BAD0-D2A37C6D5B5C}.Trace|x64.Build.0 = Debug|x64
		{1EBB219E-4F8E-44CF-BAD0-D2A37C6D5B5C}.Trace|x86.ActiveCfg = Debug|Win32
		{1EBB219E-4F8E-44CF-BAD0-D2A37C6D5B5C}.Trace|x86.Build.0 = Debug|Win32
		{F868F3E1-F543-43D3-A2EF-F0C4B0EA0935}.Debug|Itanium.ActiveCfg = Debug|x64
		{F868F3E1-F543-43D3-A2EF-F0C4B0EA0935}.Debug|Itanium.Build.0 = Debug|x64
		{F868F3E1-F543-43D3-A2EF-F0C4B0EA0935}.Debug|x64.ActiveCfg = Debug|x64
		{F868F3E1-F543-43D3-A2EF-F0C4B0EA0935}.Debug|x64.Build.0 = Debug|x64
		{F868F3E1-F543-43D3-A2EF-F0C4B0EA0935}.Debug|x86.ActiveCfg = Debug|Win32
		{F868F3E1-F543-43D3-A2EF-F0C4B0EA0935}.Debug|x86.Build.0 = Debug|Win32
		{F868F3E1-F543-43D3-A2EF-F0C4B0EA0935}.Release|Itanium.ActiveCfg = Release|x64
		{F868F3E1-F543-43D3-A2EF-F0C4B0EA0935}.Release|Itanium.Build.0 = Release|x64
		{F868F3E1-F543-43D3-A2EF-F0C4B0EA0935}.Release|x64.ActiveCfg = Release|x64
		{F868F3E1-F543-43D3-A2EF-F0C4B0EA0935}.Release|x64.Build.0 = Release|x64
		{F868F3E1-F543-43D3-A2EF-F0C4B0EA0935}.Release|x86.ActiveCfg = Release|Win32
		{F868F3E1-F543-43D3-A2EF-F0C4B0EA0935}.Release|x86.Build.0 = Release|Win32
		{F868F3E1-F543-43D3-A2EF-F0C4B0EA0935}.ReleaseWithoutAsm|Itanium.ActiveCfg = Release|x64
		{F868F3E1-F543-43D3-A2EF-F0C4B0EA0935}.ReleaseWithoutAsm|Itanium.Build.0 = Release|x64
		{F868F3E1-F543-43D3-A2EF-F0C4B0EA0935}.ReleaseWithoutAsm|x64.ActiveCfg = Release|x64
		{F868F3E1-F543-43D3-A2EF-F0C4B0EA0935}.ReleaseWithoutAsm|x64.Build.0 = Release|x64
		{F868F3E1-F543-43D3-A2EF-F0C4B0EA0935}.ReleaseWithoutAsm|x86.ActiveCfg = Release|Win32
		{F868F3E1-F543-43D3-A2EF-F0C4B0EA0935}.ReleaseWithoutAsm|x86.Build.0 = Release|Win32
		{F868F3E1-F543-43D3-A2EF-F0C4B0EA0935}.Trace|Itanium.ActiveCfg = Debug|x64
		{F868F3E1-F543-43D3-A2EF-F0C4B0EA0935}.Trace|Itanium.Build.0 = Debug|x64
		{F868F3E1-F543-43D3-A2EF-F0C4B0EA0935}.Trace|x64.ActiveCfg = Debug|x64
		{F868F3E1-F543-43D3-A2EF-F0C4B0EA0935}.Trace|x64.Build.0 = Debug|x64
		{F868F3E1-F543-43D3-A2EF-F0C4B0EA0935}.Trace|x86.ActiveCfg = Debug|Win32
		{F868F3E1-F543-43D3-A2EF-F0C4B0EA0935}.Trace|x86.Build.0 = Debug|Win32
		{3E928205-284A-491F-9F03-8C831D6D8958}.Debug|Itanium.ActiveCfg = Debug|x64
		{3E928205-284A-491F-9F03-8C831D6D8958}.Debug|Itanium.Build.0 = Debug|x64
		{3E928205-284A-491F-9F03-8C831D6D8958}.Debug|x64.ActiveCfg = Debug|x64
		{3E928205-284A-491F-9F03-8C831D6D8958}.Debug|x64.Build.0 = Debug|x64
		{3E928205-284A-491F-9F03-8C831D6D8958}.Debug|x86.ActiveCfg = Debug|Win32
		{3E928205-284A-491F-9F03-8C831D6D8958}.Debug|x86.Build.0 = Debug|Win32
		{3E928205-284A-491F-9F03-8C831D6D8958}.Release|Itanium.ActiveCfg = Release|x64
		{3E928205-284A-491F-9F03-8C831D6D8958}.Release|Itanium.Build.0 = Release|x64
		{3E928205-284A-491F-9F03-8C831D6D8958}.Release|x64.ActiveCfg = Release|x64
		{3E928205-284A-491F-9F03-8C831D6D8958}.Release|x64.Build.0 = Release|x64
		{3E928205-284A-491F-9F03-8C831D6D8958}.Release|x86.ActiveCfg = Release|Win32
		{3E928205-284A-491F-9F03-8C831D6D8958}.Release|x86.Build.0 = Release|Win32
		{3E928205-284A-491F-9F03-8C831D6D8958}.ReleaseWithoutAsm|Itanium.ActiveCfg = Release|x64
		{3E928205-284A-491F-9F03-8C831D6D8958}.ReleaseWithoutAsm|Itanium.Build.0 = Release|x64
		{3E928205-284A-491F-9F03-8C831D6D8958}.ReleaseWithoutAsm|x64.ActiveCfg = Release|x64
		{3E928205-284A-491F-9F03-8C831D6D8958}.ReleaseWithoutAsm|x64.Build.0 = Release|x64
		{3E928205-284A-491F-9F03-8C831D6D8958}.ReleaseWithoutAsm|x86.ActiveCfg = Release|Win32
		{3E928205-284A-491F-9F03-8C831D6D8958}.ReleaseWithoutAsm|x86.Build.0 = Release|Win32
		{3E928205-284A-491F-9F03-8C831D6D8958}.Trace|Itanium.ActiveCfg = Debug|x64
		{3E928205-284A-491F-9F03-8C831D6D8958}.Trace|Itanium.Build.0 = Debug|x64
		{3E928205-284A-491F-9F03-8C831D6D8958}.Trace|x64.ActiveCfg = Debug|x64
		{3E928205-284A-491F-9F03-8C831D6D8958}.Trace|x64.Build.0 = Debug|x64
		{3E928205-284A-491F-9F03-8C831D6D8958}.Trace|x86.ActiveCfg = Debug|Win32
		{3E928205-284A-491F-9F03-8C831D6D8958}.Trace|x86.Build.0 = Debug|Win32
		{35FFC5A7-47B2-4E5A-9D69-319661FE4866}.Debug|Itanium.ActiveCfg = Debug|x64
		{35FFC5A7-47B2-4E5A-9D69-319661FE4866}.Debug|Itanium.Build.0 = Debug|x64
		{35FFC5A7-47B2-4E5A-9D69-319661FE4866}.Debug|x64.ActiveCfg = Debug|x64
		{35FFC5A7-47B2-4E5A-9D69-319661FE4866}.Debug|x64.Build.0 = Debug|x64
		{35FFC5A7-47B2-4E5A-9D69-319661FE4866}.Debug|x86.ActiveCfg = Debug|Win32
		{35FFC5A7-47B2-4E5A-9D69-319661FE4866}.Debug|x86.Build.0 = Debug|Win32
		{35FFC5A7-47B2-4E5A-9D69-319661FE4866}.Release|Itanium.ActiveCfg = Release|x64
		{35FFC5A7-47B2-4E5A-9D69-319661FE4866}.Release|Itanium.Build.0 = Release|x64
		{35FFC5A7-47B2-4E5A-9D69-319661FE4866}.Release|x64.ActiveCfg = Release|x64
		{35FFC5A7-47B2-4E5A-9D69-319661FE4866}.Release|x64.Build.0 = Release|x64
		{35FFC5A7-47B2-4E5A-9D69-319661FE4866}.Release|x86.ActiveCfg = Release|Win32
		{35FFC5A7-47B2-4E5A-9D69-319661FE4866}.Release|x86.Build.0 = Release|Win32
		{35FFC5A7-47B2-4E5A-9D69-319661FE4866}.ReleaseWithoutAsm|Itanium.ActiveCfg = Release|x64
		{35FFC5A7-47B2-4E5A-9D69-319661FE4866}.ReleaseWithoutAsm|Itanium.Build.0 = Release|x64
		{35FFC5A7-47B2-4E5A-9D69-319661FE4866}.ReleaseWithoutAsm|x64.ActiveCfg = Release|x64
		{35FFC5A7-47B2-4E5A-9D69-319661FE4866}.ReleaseWithoutAsm|x64.Build.0 = Release|x64
		{35FFC5A7-47B2-4E5A-9D69-319661FE4866}.ReleaseWithoutAsm|x86.ActiveCfg = Release|Win32
		{35FFC5A7-47B2-4E5A-9D69-319661FE4866}.ReleaseWithoutAsm|x86.Build.0 = Release|Win32
		{35FFC5A7-47B2-4E5A-9D69-319661FE4866}.Trace|Itanium.ActiveCfg = Debug|x64
		{35FFC5A7-47B2-4E5A-9D69-319661FE4866}.Trace|Itanium.Build.0 = Debug|x64
		{35FFC5A7-47B2-4E5A-9D69-319661FE4866}.Trace|x64.ActiveCfg = Debug|x64
		{35FFC5A7-47B2-4E5A-9D69-319661FE4866}.Trace|x64.Build.0 = Debug|x64
		{35FFC5A7-47B2-4E5A-9D69-319661FE4866}.Trace|x86.ActiveCfg = Debug|Win32
		{35FFC5A7-47B2-4E5A-9D69-319661FE4866}.Trace|x86.Build.0 = Debug|Win32
		{DAB621CA-E2A5-49B5-8BAF-C1428B258498}.Debug|Itanium.ActiveCfg = Debug|x64
		{DAB621CA-E2A5-49B5-8BAF-C1428B258498}.Debug|Itanium.Build.0 = Debug|x64
		{DAB621CA-E2A5-49B5-8BAF-C1428B258498}.Debug|x64.ActiveCfg = Debug|x64
		{DAB621CA-E2A5-49B5-8BAF-C1428B258498}.Debug|x64.Build.0 = Debug|x64
		{DAB621CA-E2A5-49B5-8BAF-C1428B258498}.Debug|x86.ActiveCfg = Debug|Win32
		{DAB621CA-E2A5-49B5-8BAF-C1428B258498}.Debug|x86.Build.0 = Debug|Win32
		{DAB621CA-E2A5-49B5-8BAF-C1428B258498}.Release|Itanium.ActiveCfg = Release|x64
		{DAB621CA-E2A5-49B5-8BAF-C1428B258498}.Release|Itanium.Build.0 = Release|x64
		{DAB621CA-E2A5-49B5-8BAF-C1428B258498}.Release|x64.ActiveCfg = Release|x64
		{DAB621CA-E2A5-49B5-8BAF-C1428B258498}.Release|x64.Build.0 = Release|x64
		{DAB621CA-E2A5-49B5-8BAF-C1428B258498}.Release|x86.ActiveCfg = Release|Win32
		{DAB621CA-E2A5-49B5-8BAF-C1428B258498}.Release|x86.Build.0 = Release|Win32
		{DAB621CA-E2A5-49B5-8BAF-C1428B258498}.ReleaseWithoutAsm|Itanium.ActiveCfg = Release|x64
		{DAB621CA-E2A5-49B5-8BAF-C1428B258498}.ReleaseWithoutAsm|Itanium.Build.0 = Release|x64
		{DAB621CA-E2A5-49B5-8BAF-C1428B258498}.ReleaseWithoutAsm|x64.ActiveCfg = Release|x64
		{DAB621CA-E2A5-49B5-8BAF-C1428B258498}.ReleaseWithoutAsm|x64.Build.0 = Release|x64
		{DAB621CA-E2A5-49B5-8BAF-C1428B258498}.ReleaseWithoutAsm|x86.ActiveCfg = Release|Win32
		{DAB621CA-E2A5-49B5-8BAF-C1428B258498}.ReleaseWithoutAsm|x86.Build.0 = Release|Win32
		{DAB621CA-E2A5-49B5-8BAF-C1428B258498}.Trace|Itanium.ActiveCfg = Debug|x64
		{DAB621CA-E2A5-49B5-8BAF-C1428B258498}.Trace|Itanium.Build.0 = Debug|x64
		{DAB621CA-E2A5-49B5-8BAF-C1428B258498}.Trace|x64.ActiveCfg = Debug|x64
		{DAB621CA-E2A5-49B5-8BAF-C1428B258498}.Trace|x64.Build.0 = Debug|x64
		{DAB621CA-E2A5-49B5-8BAF-C1428B258498}.Trace|x86.ActiveCfg = Debug|Win32
		{DAB621CA-E2A5-49B5-8BAF-C1428B258498}.Trace|x86.Build.0 = Debug|Win32
		{D020F9A2-616F-4AD9-B42F-7C761D6A2921}.Debug|Itanium.ActiveCfg = Debug|x64
		{D020F9A2-616F-4AD9-B42F-7C761D6A2921}.Debug|Itanium.Build.0 = Debug|x64
		{D020F9A2-616F-4AD9-B42F-7C761D6A2921}.Debug|x64.ActiveCfg = Debug|x64
		{D020F9A2-616F-4AD9-B42F-7C761D6A2921}.Debug|x64.Build.0 = Debug|x64
		{D020F9A2-616F-4AD9-B42F-7C761D6A2921}.Debug|x86.ActiveCfg = Debug|Win32
		{D020F9A2-616F-4AD9-B42F-7C761D6A2921}.Debug|x86.Build.0 = Debug|Win32
		{D020F9A2-616F-4AD9-B42F-7C761D6A2921}.Release|Itanium.ActiveCfg = Release|x64
		{D020F9A2-616F-4AD9-B42F-7C761D6A2921}.Release|Itanium.Build.0 = Release|x64
		{D020F9A2-616F-4AD9-B42F-7C761D6A2921}.Release|x64.ActiveCfg = Release|x64
		{D020F9A2-616F-4AD9-B42F-7C761D6A2921}.Release|x64.Build.0 = Release|x64
		{D020F9A2-616F-4AD9-B42F-7C761D6A2921}.Release|x86.ActiveCfg = Release|Win32
		{D020F9A2-616F-4AD9-B42F-7C761D6A2921}.Release|x86.Build.0 = Release|Win32
		{D020F9A2-616F-4AD9-B42F-7C761D6A2921}.ReleaseWithoutAsm|Itanium.ActiveCfg = Release|x64
		{D020F9A2-616F-4AD9-B42F-7C761D6A2921}.ReleaseWithoutAsm|Itanium.Build.0 = Release|x64
		{D020F9A2-616F-4AD9-B42F-7C761D6A2921}.ReleaseWithoutAsm|x64.ActiveCfg = Release|x64
		{D020F9A2-616F-4AD9-B42F-7C761D6A2921}.ReleaseWithoutAsm|x64.Build.0 = Release|x64
		{D020F9A2-616F-4AD9-B42F-7C761D6A2921}.ReleaseWithoutAsm|x86.ActiveCfg = Release|Win32
		{D020F9A2-616F-4AD9-B42F-7C761D6A2921}.ReleaseWithoutAsm|x86.Build.0 = Release|Win32
		{D020F9A2-616F-4AD9-B42F-7C761D6A2921}.Trace|Itanium.ActiveCfg = Debug|x64
		{D020F9A2-616F-4AD9-B42F-7C761D6A2921}.Trace|Itanium.Build.0 = Debug|x64
		{D020F9A2-616F-4AD9-B42F-7C761D6A2921}.Trace|x64.ActiveCfg = Debug|x64
		{D020F9A2-616F-4AD9-B42F-7C761D6A2921}.Trace|x64.Build.0 = Debug|x64
		{D020F9A2-616F-4AD9-B42F-7C761D6A2921}.Trace|x86.ActiveCfg = Debug|Win32
		{D020F9A2-616F-4AD9-B42F-7C761D6A2921}.Trace|x86.Build.0 = Debug|Win32
		{7CE86BEA-74DD-4798-82B2-8142DDE69661}.Debug|Itanium.ActiveCfg = Debug|x64
		{7CE86BEA-74DD-4798-82B2-8142DDE69661}.Debug|Itanium.Build.0 = Debug|x64
		{7CE86BEA-74DD-4798-82B2-8142DDE69661}.Debug|x64.ActiveCfg = Debug|x64
		{7CE86BEA-74DD-4798-82B2-8142DDE69661}.Debug|x64.Build.0 = Debug|x64
		{7CE86BEA-74DD-4798-82B2-8142DDE69661}.Debug|x86.ActiveCfg = Debug|Win32
		{7CE86BEA-74DD-4798-82B2-8142DDE69661}.Debug|x86.Build.0 = Debug|Win32
		{7CE86BEA-74DD-4798-82B2-8142DDE69661}.Release|Itanium.ActiveCfg = Release|x64
		{7CE86BEA-74DD-4798-82B2-8142DDE69661}.Release|Itanium.Build.0 = Release|x64
		{7CE86BEA-74DD-4798-82B2-8142DDE69661}.Release|x64.ActiveCfg = Release|x64
		{7CE86BEA-74DD-4798-82B2-8142DDE69661}.Release|x64.Build.0 = Release|x64
		{7CE86BEA-74DD-4798-82B2-8142DDE69661}.Release|x86.ActiveCfg = Release|Win32
		{7CE86BEA-74DD-4798-82B2-8142DDE69661}.Release|x86.Build.0 = Release|Win32
		{7CE86BEA-74DD-4798-82B2-8142DDE69661}.ReleaseWithoutAsm|Itanium.ActiveCfg = Release|x64
		{7CE86BEA-74DD-4798-82B2-8142DDE69661}.ReleaseWithoutAsm|Itanium.Build.0 = Release|x64
		{7CE86BEA-74DD-4798-82B2-8142DDE69661}.ReleaseWithoutAsm|x64.ActiveCfg = Release|x64
		{7CE86BEA-74DD-4798-82B2-8142DDE69661}.ReleaseWithoutAsm|x64.Build.0 = Release|x64
		{7CE86BEA-74DD-4798-82B2-8142DDE69661}.ReleaseWithoutAsm|x86.ActiveCfg = Release|Win32
		{7CE86BEA-74DD-4798-82B2-8142DDE69661}.ReleaseWithoutAsm|x86.Build.0 = Release|Win32
		{7CE86BEA-74DD-4798-82B2-8142DDE69661}.Trace|Itanium.ActiveCfg = Debug|x64
		{7CE86BEA-74DD-4798-82B2-8142DDE69661}.Trace|Itanium.Build.0 = Debug|x64
		{7CE86BEA-74DD-4798-82B2-8142DDE69661}.Trace|x64.ActiveCfg = Debug|x64
		{7CE86BEA-74DD-4798-82B2-8142DDE69661}.Trace|x64.Build.0 = Debug|x64
		{7CE86BEA-74DD-4798-82B2-8142DDE69661}.Trace|x86.ActiveCfg = Debug|Win32
		{7CE86BEA-74DD-4798-82B2-8142DDE69661}.Trace|x86.Build.0 = Debug|Win32
		{6BDF2ED0-41BA-4778-9C88-4C27754EF0D1}.Debug|Itanium.ActiveCfg = Debug|x64
		{6BDF2ED0-41BA-4778-9C88-4C27754EF0D1}.Debug|Itanium.Build.0 = Debug|x64
		{6BDF2ED0-41BA-4778-9C88-4C27754EF0D1}.Debug|x64.ActiveCfg = Debug|x64
		{6BDF2ED0-41BA-4778-9C88-4C27754EF0D1}.Debug|x64.Build.0 = Debug|x64
		{6BDF2ED0-41BA-4778-9C88-4C27754EF0D1}.Debug|x86.ActiveCfg = Debug|Win32
		{6BDF2ED0-41BA-4778-9C88-4C27754EF0D1}.Debug|x86.Build.0 = Debug|Win32
		{6BDF2ED0-41BA-4778-9C88-4C27754EF0D1}.Release|Itanium.ActiveCfg = Release|x64
		{6BDF2ED0-41BA-4778-9C88-4C27754EF0D1}.Release|Itanium.Build.0 = Release|x64
		{6BDF2ED0-41BA-4778-9C88-4C27754EF0D1}.Release|x64.ActiveCfg = Release|x64
		{6BDF2ED0-41BA-4778-9C88-4C27754EF0D1}.Release|x64.Build.0 = Release|x64
		{6BDF2ED0-41BA-4778-9C88-4C27754EF0D1}.Release|x86.ActiveCfg = Release|Win32
		{6BDF2ED0-41BA-4778-9C88-4C27754EF0D1}.Release|x86.Build.0 = Release|Win32
		{6BDF2ED0-41BA-4778-9C88-4C27754EF0D1}.ReleaseWithoutAsm|Itanium.ActiveCfg = Release|x64
		{6BDF2ED0-41BA-4778-9C88-4C27754EF0D1}.ReleaseWithoutAsm|Itanium.Build.0 = Release|x64
		{6BDF2ED0-41BA-4778-9C88-4C27754EF0D1}.ReleaseWithoutAsm|x64.ActiveCfg = Release|x64
		{6BDF2ED0-41BA-4778-9C88-4C27754EF0D1}.ReleaseWithoutAsm|x64.Build.0 = Release|x64
		{6BDF2ED0-41BA-4778-9C88-4C27754EF0D1}.ReleaseWithoutAsm|x86.ActiveCfg = Release|Win32
		{6BDF2ED0-41BA-4778-9C88-4C27754EF0D1}.ReleaseWithoutAsm|x86.Build.0 = Release|Win32
		{6BDF2ED0-41BA-4778-9C88-4C27754EF0D1}.Trace|Itanium.ActiveCfg = Debug|x64
		{6BDF2ED0-41BA-4778-9C88-4C27754EF0D1}.Trace|Itanium.Build.0 = Debug|x64
		{6BDF2ED0-41BA-4778-9C88-4C27754EF0D1}.Trace|x64.ActiveCfg = Debug|x64
		{6BDF2ED0-41BA-4778-9C88-4C27754EF0D1}.Trace|x64.Build.0 = Debug|x64
		{6BDF2ED0-41BA-4778-9C88-4C27754EF0D1}.Trace|x86.ActiveCfg = Debug|Win32
		{6BDF2ED0-41BA-4778-9C88-4C27754EF0D1}.Trace|x86.Build.0 = Debug|Win32
		{5232ED93-63EC-469E-90AD-A25DD0CA6AB1}.Debug|Itanium.ActiveCfg = Debug|x64
		{5232ED93-63EC-469E-90AD-A25DD0CA6AB1}.Debug|Itanium.Build.0 = Debug|x64
		{5232ED93-63EC-469E-90AD-A25DD0CA6AB1}.Debug|x64.ActiveCfg = Debug|x64
		{5232ED93-63EC-469E-90AD-A25DD0CA6AB1}.Debug|x64.Build.0 = Debug|x64
		{5232ED93-63EC-469E-90AD-A25DD0CA6AB1}.Debug|x86.ActiveCfg = Debug|Win32
		{5232ED93-63EC-469E-90AD-A25DD0CA6AB1}.Debug|x86.Build.0 = Debug|Win32
		{5232ED93-63EC-469E-90AD-A25DD0CA6AB1}.Release|Itanium.ActiveCfg = Release|x64
		{5232ED93-63EC-469E-90AD-A25DD0CA6AB1}.Release|Itanium.Build.0 = Release|x64
		{5232ED93-63EC-469E-90AD-A25DD0CA6AB1}.Release|x64.ActiveCfg = Release|x64
		{5232ED93-63EC-469E-90AD-A25DD0CA6AB1}.Release|x64.Build.0 = Release|x64
		{5232ED93-63EC-469E-90AD-A25DD0CA6AB1}.Release|x86.ActiveCfg = Release|Win32
		{5232ED93-63EC-469E-90AD-A25DD0CA6AB1}.Release|x86.Build.0 = Release|Win32
		{5232ED93-63EC-469E-90AD-A25DD0CA6AB1}.ReleaseWithoutAsm|Itanium.ActiveCfg = Release|x64
		{5232ED93-63EC-469E-90AD-A25DD0CA6AB1}.ReleaseWithoutAsm|Itanium.Build.0 = Release|x64
		{5232ED93-63EC-469E-90AD-A25DD0CA6AB1}.ReleaseWithoutAsm|x64.ActiveCfg = Release|x64
		{5232ED93-63EC-469E-90AD-A25DD0CA6AB1}.ReleaseWithoutAsm|x64.Build.0 = Release|x64
		{5232ED93-63EC-469E-90AD-A25DD0CA6AB1}.ReleaseWithoutAsm|x86.ActiveCfg = Release|Win32
		{5232ED93-63EC-469E-90AD-A25DD0CA6AB1}.ReleaseWithoutAsm|x86.Build.0 = Release|Win32
		{5232ED93-63EC-469E-90AD-A25DD0CA6AB1}.Trace|Itanium.ActiveCfg = Debug|x64
		{5232ED93-63EC-469E-90AD-A25DD0CA6AB1}.Trace|Itanium.Build.0 = Debug|x64
		{5232ED93-63EC-469E-90AD-A25DD0CA6AB1}.Trace|x64.ActiveCfg = Debug|x64
		{5232ED93-63EC-469E-90AD-A25DD0CA6AB1}.Trace|x64.Build.0 = Debug|x64
		{5232ED93-63EC-469E-90AD-A25DD0CA6AB1}.Trace|x86.ActiveCfg = Debug|Win32
		{5232ED93-63EC-469E-90AD-A25DD0CA6AB1}.Trace|x86.Build.0 = Debug|Win32
		{D11D6F6D-D91C-45AD-B9EA-20CF4A64C061}.Debug|Itanium.ActiveCfg = Debug|x64
		{D11D6F6D-D91C-45AD-B9EA-20CF4A64C061}.Debug|Itanium.Build.0 = Debug|x64
		{D11D6F6D-D91C-45AD-B9EA-20CF4A64C061}.Debug|x64.ActiveCfg = Debug|x64
		{D11D6F6D-D91C-45AD-B9EA-20CF4A64C061}.Debug|x64.Build.0 = Debug|x64
		{D11D6F6D-D91C-45AD-B9EA-20CF4A64C061}.Debug|x86.ActiveCfg = Debug|Win32
		{D11D6F6D-D91C-45AD-B9EA-20CF4A64C061}.Debug|x86.Build.0 = Debug|Win32
		{D11D6F6D-D91C-45AD-B9EA-20CF4A64C061}.Release|Itanium.ActiveCfg = Release|x64
		{D11D6F6D-D91C-45AD-B9EA-20CF4A64C061}.Release|Itanium.Build.0 = Release|x64
		{D11D6F6D-D91C-45AD-B9EA-20CF4A64C061}.Release|x64.ActiveCfg = Release|x64
		{D11D6F6D-D91C-45AD-B9EA-20CF4A64C061}.Release|x64.Build.0 = Release|x64
		{D11D6F6D-D91C-45AD-B9EA-20CF4A64C061}.Release|x86.ActiveCfg = Release|Win32
		{D11D6F6D-D91C-45AD-B9EA-20CF4A64C061}.Release|x86.Build.0 = Release|Win32
		{D11D6F6D-D91C-45AD-B9EA-20CF4A64C061}.ReleaseWithoutAsm|Itanium.ActiveCfg = Release|x64
		{D11D6F6D-D91C-45AD-B9EA-20CF4A64C061}.ReleaseWithoutAsm|Itanium.Build.0 = Release|x64
		{D11D6F6D-D91C-45AD-B9EA-20CF4A64C061}.ReleaseWithoutAsm|x64.ActiveCfg = Release|x64
		{D11D6F6D-D91C-45AD-B9EA-20CF4A64C061}.ReleaseWithoutAsm|x64.Build.0 = Release|x64
		{D11D6F6D-D91C-45AD-B9EA-20CF4A64C061}.ReleaseWithoutAsm|x86.ActiveCfg = Release|Win32
		{D11D6F6D-D91C-45AD-B9EA-20CF4A64C061}.ReleaseWithoutAsm|x86.Build.0 = Release|Win32
		{D11D6F6D-D91C-45AD-B9EA-20CF4A64C061}.Trace|Itanium.ActiveCfg = Debug|x64
		{D11D6F6D-D91C-45AD-B9EA-20CF4A64C061}.Trace|Itanium.Build.0 = Debug|x64
		{D11D6F6D-D91C-45AD-B9EA-20CF4A64C061}.Trace|x64.ActiveCfg = Debug|x64
		{D11D6F6D-D91C-45AD-B9EA-20CF4A64C061}.Trace|x64.Build.0 = Debug|x64
		{D11D6F6D-D91C-45AD-B9EA-20CF4A64C061}.Trace|x86.ActiveCfg = Debug|Win32
		{D11D6F6D-D91C-45AD-B9EA-20CF4A64C061}.Trace|x86.Build.0 = Debug|Win32
		{936F4A64-4818-450A-B5D3-B285476F8488}.Debug|Itanium.ActiveCfg = Debug|x64
		{936F4A64-4818-450A-B5D3-B285476F8488}.Debug|Itanium.Build.0 = Debug|x64
		{936F4A64-4818-450A-B5D3-B285476F8488}.Debug|x64.ActiveCfg = Debug|x64
		{936F4A64-4818-450A-B5D3-B285476F8488}.Debug|x64.Build.0 = Debug|x64
		{936F4A64-4818-450A-B5D3-B285476F8488}.Debug|x86.ActiveCfg = Debug|Win32
		{936F4A64-4818-450A-B5D3-B285476F8488}.Debug|x86.Build.0 = Debug|Win32
		{936F4A64-4818-450A-B5D3-B285476F8488}.Release|Itanium.ActiveCfg = Release|x64
		{936F4A64-4818-450A-B5D3-B285476F8488}.Release|Itanium.Build.0 = Release|x64
		{936F4A64-4818-450A-B5D3-B285476F8488}.Release|x64.ActiveCfg = Release|x64
		{936F4A64-4818-450A-B5D3-B285476F8488}.Release|x64.Build.0 = Release|x64
		{936F4A64-4818-450A-B5D3-B285476F8488}.Release|x86.ActiveCfg = Release|Win32
		{936F4A64-4818-450A-B5D3-B285476F8488}.Release|x86.Build.0 = Release|Win32
		{936F4A64-4818-450A-B5D3-B285476F8488}.ReleaseWithoutAsm|Itanium.ActiveCfg = Release|x64
		{936F4A64-4818-450A-B5D3-B285476F8488}.ReleaseWithoutAsm|Itanium.Build.0 = Release|x64
		{936F4A64-4818-450A-B5D3-B285476F8488}.ReleaseWithoutAsm|x64.ActiveCfg = Release|x64
		{936F4A64-4818-450A-B5D3-B285476F8488}.ReleaseWithoutAsm|x64.Build.0 = Release|x64
		{936F4A64-4818-450A-B5D3-B285476F8488}.ReleaseWithoutAsm|x86.ActiveCfg = Release|Win32
		{936F4A64-4818-450A-B5D3-B285476F8488}.ReleaseWithoutAsm|x86.Build.0 = Release|Win32
		{936F4A64-4818-450A-B5D3-B285476F8488}.Trace|Itanium.ActiveCfg = Debug|x64
		{936F4A64-4818-450A-B5D3-B285476F8488}.Trace|Itanium.Build.0 = Debug|x64
		{936F4A64-4818-450A-B5D3-B285476F8488}.Trace|x64.ActiveCfg = Debug|x64
		{936F4A64-4818-450A-B5D3-B285476F8488}.Trace|x64.Build.0 = Debug|x64
		{936F4A64-4818-450A-B5D3-B285476F8488}.Trace|x86.ActiveCfg = Debug|Win32
		{936F4A64-4818-450A-B5D3-B285476F8488}.Trace|x86.Build.0 = Debug|Win32
		{086C283B-2155-4874-94CA-C98717FEEFE6}.Debug|Itanium.ActiveCfg = Debug|x64
		{086C283B-2155-4874-94CA-C98717FEEFE6}.Debug|Itanium.Build.0 = Debug|x64
		{086C283B-2155-4874-94CA-C98717FEEFE6}.Debug|x64.ActiveCfg = Debug|x64
		{086C283B-2155-4874-94CA-C98717FEEFE6}.Debug|x64.Build.0 = Debug|x64
		{086C283B-2155-4874-94CA-C98717FEEFE6}.Debug|x86.ActiveCfg = Debug|Win32
		{086C283B-2155-4874-94CA-C98717FEEFE6}.Debug|x86.Build.0 = Debug|Win32
		{086C283B-2155-4874-94CA-C98717FEEFE6}.Release|Itanium.ActiveCfg = Release|x64
		{086C283B-2155-4874-94CA-C98717FEEFE6}.Release|Itanium.Build.0 = Release|x64
		{086C283B-2155-4874-94CA-C98717FEEFE6}.Release|x64.ActiveCfg = Release|x64
		{086C283B-2155-4874-94CA-C98717FEEFE6}.Release|x64.Build.0 = Release|x64
		{086C283B-2155-4874-94CA-C98717FEEFE6}.Release|x86.ActiveCfg = Release|Win32
		{086C283B-2155-4874-94CA-C98717FEEFE6}.Release|x86.Build.0 = Release|Win32
		{086C283B-2155-4874-94CA-C98717FEEFE6}.ReleaseWithoutAsm|Itanium.ActiveCfg = Release|x64
		{086C283B-2155-4874-94CA-C98717FEEFE6}.ReleaseWithoutAsm|Itanium.Build.0 = Release|x64
		{086C283B-2155-4874-94CA-C98717FEEFE6}.ReleaseWithoutAsm|x64.ActiveCfg = Release|x64
		{086C283B-2155-4874-94CA-C98717FEEFE6}.ReleaseWithoutAsm|x64.Build.0 = Release|x64
		{086C283B-2155-4874-94CA-C98717FEEFE6}.ReleaseWithoutAsm|x86.ActiveCfg = Release|Win32
		{086C283B-2155-4874-94CA-C98717FEEFE6}.ReleaseWithoutAsm|x86.Build.0 = Release|Win32
		{086C283B-2155-4874-94CA-C98717FEEFE6}.Trace|Itanium.ActiveCfg = Debug|x64
		{086C283B-2155-4874-94CA-C98717FEEFE6}.Trace|Itanium.Build.0 = Debug|x64
		{086C283B-2155-4874-94CA-C98717FEEFE6}.Trace|x64.ActiveCfg = Debug|x64
		{086C283B-2155-4874-94CA-C98717FEEFE6}.Trace|x64.Build.0 = Debug|x64
		{086C283B-2155-4874-94CA-C98717FEEFE6}.Trace|x86.ActiveCfg = Debug|Win32
		{086C283B-2155-4874-94CA-C98717FEEFE6}.Trace|x86.Build.0 = Debug|Win32
		{9FAF9C96-091F-4413-ADC5-A9873D78B68D}.Debug|Itanium.ActiveCfg = Debug|x64
		{9FAF9C96-091F-4413-ADC5-A9873D78B68D}.Debug|Itanium.Build.0 = Debug|x64
		{9FAF9C96-091F-4413-ADC5-A9873D78B68D}.Debug|x64.ActiveCfg = Debug|x64
		{9FAF9C96-091F-4413-ADC5-A9873D78B68D}.Debug|x64.Build.0 = Debug|x64
		{9FAF9C96-091F-4413-ADC5-A9873D78B68D}.Debug|x86.ActiveCfg = Debug|Win32
		{9FAF9C96-091F-4413-ADC5-A9873D78B68D}.Debug|x86.Build.0 = Debug|Win32
		{9FAF9C96-091F-4413-ADC5-A9873D78B68D}.Release|Itanium.ActiveCfg = Release|x64
		{9FAF9C96-091F-4413-ADC5-A9873D78B68D}.Release|Itanium.Build.0 = Release|x64
		{9FAF9C96-091F-4413-ADC5-A9873D78B68D}.Release|x64.ActiveCfg = Release|x64
		{9FAF9C96-091F-4413-ADC5-A9873D78B68D}.Release|x64.Build.0 = Release|x64
		{9FAF9C96-091F-4413-ADC5-A9873D78B68D}.Release|x86.ActiveCfg = Release|Win32
		{9FAF9C96-091F-4413-ADC5-A9873D78B68D}.Release|x86.Build.0 = Release|Win32
		{9FAF9C96-091F-4413-ADC5-A9873D78B68D}.ReleaseWithoutAsm|Itanium.ActiveCfg = Release|x64
		{9FAF9C96-091F-4413-ADC5-A9873D78B68D}.ReleaseWithoutAsm|Itanium.Build.0 = Release|x64
		{9FAF9C96-091F-4413-ADC5-A9873D78B68D}.ReleaseWithoutAsm|x64.ActiveCfg = Release|x64
		{9FAF9C96-091F-4413-ADC5-A9873D78B68D}.ReleaseWithoutAsm|x64.Build.0 = Release|x64
		{9FAF9C96-091F-4413-ADC5-A9873D78B68D}.ReleaseWithoutAsm|x86.ActiveCfg = Release|Win32
		{9FAF9C96-091F-4413-ADC5-A9873D78B68D}.ReleaseWithoutAsm|x86.Build.0 = Release|Win32
		{9FAF9C96-091F-4413-ADC5-A9873D78B68D}.Trace|Itanium.ActiveCfg = Debug|x64
		{9FAF9C96-091F-4413-ADC5-A9873D78B68D}.Trace|Itanium.Build.0 = Debug|x64
		{9FAF9C96-091F-4413-ADC5-A9873D78B68D}.Trace|x64.ActiveCfg = Debug|x64
		{9FAF9C96-091F-4413-ADC5-A9873D78B68D}.Trace|x64.Build.0 = Debug|x64
		{9FAF9C96-091F-4413-ADC5-A9873D78B68D}.Trace|x86.ActiveCfg = Debug|Win32
		{9FAF9C96-091F-4413-ADC5-A9873D78B68D}.Trace|x86.Build.0 = Debug|Win32
		{6033D54A-AD3B-4537-8146-2B45C8857CFB}.Debug|Itanium.ActiveCfg = Debug|x64
		{6033D54A-AD3B-4537-8146-2B45C8857CFB}.Debug|Itanium.Build.0 = Debug|x64
		{6033D54A-AD3B-4537-8146-2B45C8857CFB}.Debug|x64.ActiveCfg = Debug|x64
		{6033D54A-AD3B-4537-8146-2B45C8857CFB}.Debug|x64.Build.0 = Debug|x64
		{6033D54A-AD3B-4537-8146-2B45C8857CFB}.Debug|x86.ActiveCfg = Debug|Win32
		{6033D54A-AD3B-4537-8146-2B45C8857CFB}.Debug|x86.Build.0 = Debug|Win32
		{6033D54A-AD3B-4537-8146-2B45C8857CFB}.Release|Itanium.ActiveCfg = Release|x64
		{6033D54A-AD3B-4537-8146-2B45C8857CFB}.Release|Itanium.Build.0 = Release|x64
		{6033D54A-AD3B-4537-8146-2B45C8857CFB}.Release|x64.ActiveCfg = Release|x64
		{6033D54A-AD3B-4537-8146-2B45C8857CFB}.Release|x64.Build.0 = Release|x64
		{6033D54A-AD3B-4537-8146-2B45C8857CFB}.Release|x86.ActiveCfg = Release|Win32
		{6033D54A-AD3B-4537-8146-2B45C8857CFB}.Release|x86.Build.0 = Release|Win32
		{6033D54A-AD3B-4537-8146-2B45C8857CFB}.ReleaseWithoutAsm|Itanium.ActiveCfg = Release|x64
		{6033D54A-AD3B-4537-8146-2B45C8857CFB}.ReleaseWithoutAsm|Itanium.Build.0 = Release|x64
		{6033D54A-AD3B-4537-8146-2B45C8857CFB}.ReleaseWithoutAsm|x64.ActiveCfg = Release|x64
		{6033D54A-AD3B-4537-8146-2B45C8857CFB}.ReleaseWithoutAsm|x64.Build.0 = Release|x64
		{6033D54A-AD3B-4537-8146-2B45C8857CFB}.ReleaseWithoutAsm|x86.ActiveCfg = Release|Win32
		{6033D54A-AD3B-4537-8146-2B45C8857CFB}.ReleaseWithoutAsm|x86.Build.0 = Release|Win32
		{6033D54A-AD3B-4537-8146-2B45C8857CFB}.Trace|Itanium.ActiveCfg = Debug|x64
		{6033D54A-AD3B-4537-8146-2B45C8857CFB}.Trace|Itanium.Build.0 = Debug|x64
		{6033D54A-AD3B-4537-8146-2B45C8857CFB}.Trace|x64.ActiveCfg = Debug|x64
		{6033D54A-AD3B-4537-8146-2B45C8857CFB}.Trace|x64.Build.0 = Debug|x64
		{6033D54A-AD3B-4537-8146-2B45C8857CFB}.Trace|x86.ActiveCfg = Debug|Win32
		{6033D54A-AD3B-4537-8146-2B45C8857CFB}.Trace|x86.Build.0 = Debug|Win32
		{D2A763BC-DB17-4DED-9C28-8F6A16FA6103}.Debug|Itanium.ActiveCfg = Debug|x64
		{D2A763BC-DB17-4DED-9C28-8F6A16FA6103}.Debug|Itanium.Build.0 = Debug|x64
		{D2A763BC-DB17-4DED-9C28-8F6A16FA6103}.Debug|x64.ActiveCfg = Debug|x64
		{D2A763BC-DB17-4DED-9C28-8F6A16FA6103}.Debug|x64.Build.0 = Debug|x64
		{D2A763BC-DB17-4DED-9C28-8F6A16FA6103}.Debug|x86.ActiveCfg = Debug|Win32
		{D2A763BC-DB17-4DED-9C28-8F6A16FA6103}.Debug|x86.Build.0 = Debug|Win32
		{D2A763BC-DB17-4DED-9C28-8F6A16FA6103}.Release|Itanium.ActiveCfg = Release|x64
		{D2A763BC-DB17-4DED-9C28-8F6A16FA6103}.Release|Itanium.Build.0 = Release|x64
		{D2A763BC-DB17-4DED-9C28-8F6A16FA6103}.Release|x64.ActiveCfg = Release|x64
		{D2A763BC-DB17-4DED-9C28-8F6A16FA6103}.Release|x64.Build.0 = Release|x64
		{D2A763BC-DB17-4DED-9C28-8F6A16FA6103}.Release|x86.ActiveCfg = Release|Win32
		{D2A763BC-DB17-4DED-9C28-8F6A16FA6103}.Release|x86.Build.0 = Release|Win32
		{D2A763BC-DB17-4DED-9C28-8F6A16FA6103}.ReleaseWithoutAsm|Itanium.ActiveCfg = Release|x64
		{D2A763BC-DB17-4DED-9C28-8F6A16FA6103}.ReleaseWithoutAsm|Itanium.Build.0 = Release|x64
		{D2A763BC-DB17-4DED-9C28-8F6A16FA6103}.ReleaseWithoutAsm|x64.ActiveCfg = Release|x64
		{D2A763BC-DB17-4DED-9C28-8F6A16FA6103}.ReleaseWithoutAsm|x64.Build.0 = Release|x64
		{D2A763BC-DB17-4DED-9C28-8F6A16FA6103}.ReleaseWithoutAsm|x86.ActiveCfg = Release|Win32
		{D2A763BC-DB17-4DED-9C28-8F6A16FA6103}.ReleaseWithoutAsm|x86.Build.0 = Release|Win32
		{D2A763BC-DB17-4DED-9C28-8F6A16FA6103}.Trace|Itanium.ActiveCfg = Debug|x64
		{D2A763BC-DB17-4DED-9C28-8F6A16FA6103}.Trace|Itanium.Build.0 = Debug|x64
		{D2A763BC-DB17-4DED-9C28-8F6A16FA6103}.Trace|x64.ActiveCfg = Debug|x64
		{D2A763BC-DB17-4DED-9C28-8F6A16FA6103}.Trace|x64.Build.0 = Debug|x64
		{D2A763BC-DB17-4DED-9C28-8F6A16FA6103}.Trace|x86.ActiveCfg = Debug|Win32
		{D2A763BC-DB17-4DED-9C28-8F6A16FA6103}.Trace|x86.Build.0 = Debug|Win32
	EndGlobalSection
	GlobalSection(SolutionProperties) = preSolution
		HideSolutionNode = FALSE
	EndGlobalSection
	GlobalSection(NestedProjects) = preSolution
		{8E6DF0E6-52B7-4202-8FDF-D9D9EA6E037B} = {63CCE440-EC2C-4675-86EA-3CA0BE95863F}
		{1F92A50A-A894-43A2-86F3-E74C2FCFED03} = {63CCE440-EC2C-4675-86EA-3CA0BE95863F}
		{9A60ACDF-1B45-4184-9D82-86FE5ED2D708} = {63CCE440-EC2C-4675-86EA-3CA0BE95863F}
		{19E63F3E-0845-442B-B894-AED66B30662D} = {63CCE440-EC2C-4675-86EA-3CA0BE95863F}
		{E4328F76-BCE3-454B-BE03-63B78A11170A} = {63CCE440-EC2C-4675-86EA-3CA0BE95863F}
		{ADD8C356-57DC-42C9-81DB-5855BB6C5A6A} = {63CCE440-EC2C-4675-86EA-3CA0BE95863F}
		{376CC61C-9B71-491D-A62C-B08926B38DDB} = {63CCE440-EC2C-4675-86EA-3CA0BE95863F}
		{3CABFE79-D9B3-44A2-99A1-D4ACA28481AB} = {63CCE440-EC2C-4675-86EA-3CA0BE95863F}
		{69F93E57-1621-43B9-8B9B-C33C1C079DA9} = {63CCE440-EC2C-4675-86EA-3CA0BE95863F}
		{2EAD4772-F534-4FEE-B2B3-76C73DE0B89A} = {63CCE440-EC2C-4675-86EA-3CA0BE95863F}
		{EA8D632D-CA2E-4C03-8F2E-1BBEC1260A11} = {63CCE440-EC2C-4675-86EA-3CA0BE95863F}
		{00815563-D4CD-40C0-83E9-DC21C0024E70} = {63CCE440-EC2C-4675-86EA-3CA0BE95863F}
		{0EAEC954-637A-4FB5-AA46-FB34AFBF17D3} = {63CCE440-EC2C-4675-86EA-3CA0BE95863F}
		{C7D66FCE-6E85-4F03-9C35-200F53F37800} = {0EAEC954-637A-4FB5-AA46-FB34AFBF17D3}
		{DDB0E247-00F9-47E3-9A10-3E357DE0BB9F} = {0EAEC954-637A-4FB5-AA46-FB34AFBF17D3}
		{3908ECF0-3A6B-4A1A-9A0E-5F872C88260F} = {0EAEC954-637A-4FB5-AA46-FB34AFBF17D3}
		{9F65CD05-E432-4372-B191-5E1A4691AECD} = {0EAEC954-637A-4FB5-AA46-FB34AFBF17D3}
		{A2ABD336-9F9B-4BDF-9A5B-D275C5C06408} = {0EAEC954-637A-4FB5-AA46-FB34AFBF17D3}
		{ADA5D2E5-5404-4C0B-A9CA-2ACC7AA07CA4} = {0EAEC954-637A-4FB5-AA46-FB34AFBF17D3}
		{A8748CCF-00C4-4098-9B13-997B49C84549} = {0EAEC954-637A-4FB5-AA46-FB34AFBF17D3}
		{2331E322-1FD9-4078-9A4A-3C0BD5C50C43} = {0EAEC954-637A-4FB5-AA46-FB34AFBF17D3}
		{BB8DB70E-13D0-4FA5-B62A-8B999CEE296D} = {0EAEC954-637A-4FB5-AA46-FB34AFBF17D3}
		{48B54A5A-3058-488B-BAFC-022750421339} = {63CCE440-EC2C-4675-86EA-3CA0BE95863F}
		{D1ACF7F7-00CB-40B9-8F7A-3A68A60AAF01} = {D32D9A58-313A-4EAB-BA1A-188C33D585C2}
		{444521B3-56C2-4BEC-8DD2-AA1176D4C18F} = {ED596215-59BC-4D09-8D7A-D300704CAC59}
		{1EBB219E-4F8E-44CF-BAD0-D2A37C6D5B5C} = {D32D9A58-313A-4EAB-BA1A-188C33D585C2}
		{B81D7345-49CA-4DD1-8810-201EAE9F1E62} = {ED596215-59BC-4D09-8D7A-D300704CAC59}
		{F868F3E1-F543-43D3-A2EF-F0C4B0EA0935} = {D32D9A58-313A-4EAB-BA1A-188C33D585C2}
		{3E928205-284A-491F-9F03-8C831D6D8958} = {D32D9A58-313A-4EAB-BA1A-188C33D585C2}
		{35FFC5A7-47B2-4E5A-9D69-319661FE4866} = {D32D9A58-313A-4EAB-BA1A-188C33D585C2}
		{DAB621CA-E2A5-49B5-8BAF-C1428B258498} = {0EAEC954-637A-4FB5-AA46-FB34AFBF17D3}
		{8100879B-A3F2-4B53-9EC7-23AB0532E158} = {0EAEC954-637A-4FB5-AA46-FB34AFBF17D3}
		{D020F9A2-616F-4AD9-B42F-7C761D6A2921} = {0EAEC954-637A-4FB5-AA46-FB34AFBF17D3}
		{7CE86BEA-74DD-4798-82B2-8142DDE69661} = {ED596215-59BC-4D09-8D7A-D300704CAC59}
		{EA7BDE78-1C9D-4134-AF2D-A57C59B86C56} = {63CCE440-EC2C-4675-86EA-3CA0BE95863F}
		{6BDF2ED0-41BA-4778-9C88-4C27754EF0D1} = {EA7BDE78-1C9D-4134-AF2D-A57C59B86C56}
		{5232ED93-63EC-469E-90AD-A25DD0CA6AB1} = {EA7BDE78-1C9D-4134-AF2D-A57C59B86C56}
		{B824E046-26EA-455A-91A2-AFEAAC1CB737} = {EA7BDE78-1C9D-4134-AF2D-A57C59B86C56}
		{0C81FB2C-5AAC-4EE5-A6DF-7EE721489206} = {EA7BDE78-1C9D-4134-AF2D-A57C59B86C56}
		{D11D6F6D-D91C-45AD-B9EA-20CF4A64C061} = {EA7BDE78-1C9D-4134-AF2D-A57C59B86C56}
		{328ECFB7-F039-45E6-B3FF-B510AAEEDE0C} = {EA7BDE78-1C9D-4134-AF2D-A57C59B86C56}
		{936F4A64-4818-450A-B5D3-B285476F8488} = {EA7BDE78-1C9D-4134-AF2D-A57C59B86C56}
		{086C283B-2155-4874-94CA-C98717FEEFE6} = {EA7BDE78-1C9D-4134-AF2D-A57C59B86C56}
		{9FAF9C96-091F-4413-ADC5-A9873D78B68D} = {EA7BDE78-1C9D-4134-AF2D-A57C59B86C56}
		{6033D54A-AD3B-4537-8146-2B45C8857CFB} = {EA7BDE78-1C9D-4134-AF2D-A57C59B86C56}
		{D2A763BC-DB17-4DED-9C28-8F6A16FA6103} = {D32D9A58-313A-4EAB-BA1A-188C33D585C2}
	EndGlobalSection
	GlobalSection(ExtensibilityGlobals) = postSolution
		SolutionGuid = {7A635957-C3E9-4A44-AC4F-5DF7EA63264E}
	EndGlobalSection
EndGlobal
